// !$*UTF8*$!
{
	archiveVersion = 1;
	classes = {
	};
	objectVersion = 56;
	objects = {

/* Begin PBXBuildFile section */
		FB96EB9100000001 /* SoundScapeApp.swift in Sources */ = {isa = PBXBuildFile; fileRef = FB96EB9100000011 /* SoundScapeApp.swift */; };
		FB96EB9100000002 /* ContentView.swift in Sources */ = {isa = PBXBuildFile; fileRef = FB96EB9100000012 /* ContentView.swift */; };
		FB96EB9100000003 /* Assets.xcassets in Resources */ = {isa = PBXBuildFile; fileRef = FB96EB9100000013 /* Assets.xcassets */; };
		FB96EB9100000004 /* GoogleService-Info.plist in Resources */ = {isa = PBXBuildFile; fileRef = FB96EB9100000014 /* GoogleService-Info.plist */; };
		FB96EB9100000005 /* white_noise.mp3 in Resources */ = {isa = PBXBuildFile; fileRef = FB96EB9100000015 /* white_noise.mp3 */; };
		FB96EB9100000006 /* pink_noise.mp3 in Resources */ = {isa = PBXBuildFile; fileRef = FB96EB9100000016 /* pink_noise.mp3 */; };
		FB96EB9100000007 /* brown_noise.mp3 in Resources */ = {isa = PBXBuildFile; fileRef = FB96EB9100000017 /* brown_noise.mp3 */; };
		FB96EB9100000008 /* brown_noise_deep.mp3 in Resources */ = {isa = PBXBuildFile; fileRef = FB96EB9100000018 /* brown_noise_deep.mp3 */; };
		FB96EB9100000009 /* morning_birds.mp3 in Resources */ = {isa = PBXBuildFile; fileRef = FB96EB9100000019 /* morning_birds.mp3 */; };
		FB96EB910000000A /* winter_forest.mp3 in Resources */ = {isa = PBXBuildFile; fileRef = FB96EB910000001A /* winter_forest.mp3 */; };
		FB96EB910000000B /* serene_morning.mp3 in Resources */ = {isa = PBXBuildFile; fileRef = FB96EB910000001B /* serene_morning.mp3 */; };
		FB96EB910000000C /* rain_storm.mp3 in Resources */ = {isa = PBXBuildFile; fileRef = FB96EB910000001C /* rain_storm.mp3 */; };
		FB96EB910000000D /* wind_ambient.mp3 in Resources */ = {isa = PBXBuildFile; fileRef = FB96EB910000001D /* wind_ambient.mp3 */; };
		FB96EB910000000E /* campfire.mp3 in Resources */ = {isa = PBXBuildFile; fileRef = FB96EB910000001E /* campfire.mp3 */; };
		FB96EB910000000F /* bonfire.mp3 in Resources */ = {isa = PBXBuildFile; fileRef = FB96EB910000001F /* bonfire.mp3 */; };
		FB96EB91000000A1 /* Sound.swift in Sources */ = {isa = PBXBuildFile; fileRef = FB96EB91000000B1 /* Sound.swift */; };
		FB96EB91000000A2 /* SoundRepositoryProtocol.swift in Sources */ = {isa = PBXBuildFile; fileRef = FB96EB91000000B2 /* SoundRepositoryProtocol.swift */; };
		FB96EB91000000A3 /* LocalSoundDataSource.swift in Sources */ = {isa = PBXBuildFile; fileRef = FB96EB91000000B3 /* LocalSoundDataSource.swift */; };
		FB96EB91000000A4 /* SoundRepository.swift in Sources */ = {isa = PBXBuildFile; fileRef = FB96EB91000000B4 /* SoundRepository.swift */; };
		FB96EB91000000A5 /* SoundsViewModel.swift in Sources */ = {isa = PBXBuildFile; fileRef = FB96EB91000000B5 /* SoundsViewModel.swift */; };
		FB96EB91000000A6 /* SoundsView.swift in Sources */ = {isa = PBXBuildFile; fileRef = FB96EB91000000B6 /* SoundsView.swift */; };
		FB96EB91000000A7 /* SoundCardView.swift in Sources */ = {isa = PBXBuildFile; fileRef = FB96EB91000000B7 /* SoundCardView.swift */; };
		FB96EB91000000A8 /* CategoryFilterView.swift in Sources */ = {isa = PBXBuildFile; fileRef = FB96EB91000000B8 /* CategoryFilterView.swift */; };
		FB96EB91000000AA /* AnalyticsService.swift in Sources */ = {isa = PBXBuildFile; fileRef = FB96EB91000000AB /* AnalyticsService.swift */; };
		FB96EB91000000AC /* ReviewPromptService.swift in Sources */ = {isa = PBXBuildFile; fileRef = FB96EB91000000AD /* ReviewPromptService.swift */; };
		FB96EB91000000AE /* FirebaseAnalytics in Frameworks */ = {isa = PBXBuildFile; productRef = FB96EB91000000AF /* FirebaseAnalytics */; };
		FB96EB91000000D1 /* ActiveSound.swift in Sources */ = {isa = PBXBuildFile; fileRef = FB96EB91000000E1 /* ActiveSound.swift */; };
		FB96EB91000000D2 /* AudioPlayerProtocol.swift in Sources */ = {isa = PBXBuildFile; fileRef = FB96EB91000000E2 /* AudioPlayerProtocol.swift */; };
		FB96EB91000000D3 /* AudioEngine.swift in Sources */ = {isa = PBXBuildFile; fileRef = FB96EB91000000E3 /* AudioEngine.swift */; };
		FB96EB91000000F3 /* MixerView.swift in Sources */ = {isa = PBXBuildFile; fileRef = FB96EB91000000F4 /* MixerView.swift */; };
		FB96EB91000000F5 /* MixerSoundRowView.swift in Sources */ = {isa = PBXBuildFile; fileRef = FB96EB91000000F6 /* MixerSoundRowView.swift */; };
		FB96EB91000000G1 /* NowPlayingBarView.swift in Sources */ = {isa = PBXBuildFile; fileRef = FB96EB91000000G2 /* NowPlayingBarView.swift */; };
		FB96EB91000000H1 /* SleepTimer.swift in Sources */ = {isa = PBXBuildFile; fileRef = FB96EB91000000H2 /* SleepTimer.swift */; };
		FB96EB91000000H3 /* SleepTimerService.swift in Sources */ = {isa = PBXBuildFile; fileRef = FB96EB91000000H4 /* SleepTimerService.swift */; };
		FB96EB91000000H5 /* SleepTimerView.swift in Sources */ = {isa = PBXBuildFile; fileRef = FB96EB91000000H6 /* SleepTimerView.swift */; };
		FB96EB91000000I1 /* FavoritesService.swift in Sources */ = {isa = PBXBuildFile; fileRef = FB96EB91000000I2 /* FavoritesService.swift */; };
		FB96EB91000000I3 /* FavoritesView.swift in Sources */ = {isa = PBXBuildFile; fileRef = FB96EB91000000I4 /* FavoritesView.swift */; };
		FB96EB91000000J1 /* SavedMix.swift in Sources */ = {isa = PBXBuildFile; fileRef = FB96EB91000000J2 /* SavedMix.swift */; };
		FB96EB91000000J3 /* SavedMixesService.swift in Sources */ = {isa = PBXBuildFile; fileRef = FB96EB91000000J4 /* SavedMixesService.swift */; };
		FB96EB91000000J5 /* SavedMixesView.swift in Sources */ = {isa = PBXBuildFile; fileRef = FB96EB91000000J6 /* SavedMixesView.swift */; };
		FB96EB91000000J7 /* SavedMixRowView.swift in Sources */ = {isa = PBXBuildFile; fileRef = FB96EB91000000J8 /* SavedMixRowView.swift */; };
		FB96EB91000000J9 /* SaveMixSheet.swift in Sources */ = {isa = PBXBuildFile; fileRef = FB96EB91000000JA /* SaveMixSheet.swift */; };
		FB96EB91000000K1 /* Story.swift in Sources */ = {isa = PBXBuildFile; fileRef = FB96EB91000000K2 /* Story.swift */; };
		FB96EB91000000K3 /* LocalStoryDataSource.swift in Sources */ = {isa = PBXBuildFile; fileRef = FB96EB91000000K4 /* LocalStoryDataSource.swift */; };
		FB96EB91000000K5 /* StoryProgressService.swift in Sources */ = {isa = PBXBuildFile; fileRef = FB96EB91000000K6 /* StoryProgressService.swift */; };
		FB96EB91000000K7 /* StoriesView.swift in Sources */ = {isa = PBXBuildFile; fileRef = FB96EB91000000K8 /* StoriesView.swift */; };
		FB96EB91000000K9 /* StoryCardView.swift in Sources */ = {isa = PBXBuildFile; fileRef = FB96EB91000000KA /* StoryCardView.swift */; };
		FB96EB91000000KB /* StoryPlayerView.swift in Sources */ = {isa = PBXBuildFile; fileRef = FB96EB91000000KC /* StoryPlayerView.swift */; };
		FB96EB91000000KD /* FeaturedStoryBanner.swift in Sources */ = {isa = PBXBuildFile; fileRef = FB96EB91000000KE /* FeaturedStoryBanner.swift */; };
		FB96EB91000000KF /* StoryCategoryFilterView.swift in Sources */ = {isa = PBXBuildFile; fileRef = FB96EB91000000KG /* StoryCategoryFilterView.swift */; };
		FB96EB91000000KH /* StorySectionView.swift in Sources */ = {isa = PBXBuildFile; fileRef = FB96EB91000000KI /* StorySectionView.swift */; };
		FB96EB91000000L1 /* BinauralBeat.swift in Sources */ = {isa = PBXBuildFile; fileRef = FB96EB91000000L2 /* BinauralBeat.swift */; };
		FB96EB91000000L3 /* BinauralBeatEngine.swift in Sources */ = {isa = PBXBuildFile; fileRef = FB96EB91000000L4 /* BinauralBeatEngine.swift */; };
		FB96EB91000000L5 /* BinauralBeatsView.swift in Sources */ = {isa = PBXBuildFile; fileRef = FB96EB91000000L6 /* BinauralBeatsView.swift */; };
		FB96EB91000000M1 /* Alarm.swift in Sources */ = {isa = PBXBuildFile; fileRef = FB96EB91000000M2 /* Alarm.swift */; };
		FB96EB91000000M3 /* AlarmService.swift in Sources */ = {isa = PBXBuildFile; fileRef = FB96EB91000000M4 /* AlarmService.swift */; };
		FB96EB91000000M5 /* AlarmsView.swift in Sources */ = {isa = PBXBuildFile; fileRef = FB96EB91000000M6 /* AlarmsView.swift */; };
		FB96EB91000000M7 /* AlarmRowView.swift in Sources */ = {isa = PBXBuildFile; fileRef = FB96EB91000000M8 /* AlarmRowView.swift */; };
		FB96EB91000000M9 /* AlarmDetailView.swift in Sources */ = {isa = PBXBuildFile; fileRef = FB96EB91000000MA /* AlarmDetailView.swift */; };
		FB96EB91000000MB /* WeekdaySelector.swift in Sources */ = {isa = PBXBuildFile; fileRef = FB96EB91000000MC /* WeekdaySelector.swift */; };
		FB96EB91000000MD /* SoundPickerView.swift in Sources */ = {isa = PBXBuildFile; fileRef = FB96EB91000000ME /* SoundPickerView.swift */; };
		FB96EB91000000N1 /* CommunityMix.swift in Sources */ = {isa = PBXBuildFile; fileRef = FB96EB91000000N2 /* CommunityMix.swift */; };
		FB96EB91000000N3 /* LocalCommunityDataSource.swift in Sources */ = {isa = PBXBuildFile; fileRef = FB96EB91000000N4 /* LocalCommunityDataSource.swift */; };
		FB96EB91000000N5 /* DiscoverView.swift in Sources */ = {isa = PBXBuildFile; fileRef = FB96EB91000000N6 /* DiscoverView.swift */; };
		FB96EB91000000N7 /* CommunityCategoryFilterView.swift in Sources */ = {isa = PBXBuildFile; fileRef = FB96EB91000000N8 /* CommunityCategoryFilterView.swift */; };
		FB96EB91000000N9 /* CommunityMixCardView.swift in Sources */ = {isa = PBXBuildFile; fileRef = FB96EB91000000NA /* CommunityMixCardView.swift */; };
		FB96EB91000000NB /* FeaturedMixBanner.swift in Sources */ = {isa = PBXBuildFile; fileRef = FB96EB91000000NC /* FeaturedMixBanner.swift */; };
		FB96EB91000000ND /* MixDetailView.swift in Sources */ = {isa = PBXBuildFile; fileRef = FB96EB91000000NE /* MixDetailView.swift */; };
		FB96EB91000000NF /* MixSectionView.swift in Sources */ = {isa = PBXBuildFile; fileRef = FB96EB91000000NG /* MixSectionView.swift */; };
		FB96EB91000000O1 /* AdaptiveMode.swift in Sources */ = {isa = PBXBuildFile; fileRef = FB96EB91000000O2 /* AdaptiveMode.swift */; };
		FB96EB91000000O3 /* AdaptiveSessionService.swift in Sources */ = {isa = PBXBuildFile; fileRef = FB96EB91000000O4 /* AdaptiveSessionService.swift */; };
		FB96EB91000000O5 /* AdaptiveView.swift in Sources */ = {isa = PBXBuildFile; fileRef = FB96EB91000000O6 /* AdaptiveView.swift */; };
		FB96EB91000000O7 /* AdaptiveModeCardView.swift in Sources */ = {isa = PBXBuildFile; fileRef = FB96EB91000000O8 /* AdaptiveModeCardView.swift */; };
		FB96EB91000000O9 /* PhasePreviewView.swift in Sources */ = {isa = PBXBuildFile; fileRef = FB96EB91000000OA /* PhasePreviewView.swift */; };
		FB96EB91000000OB /* ActiveAdaptiveSessionView.swift in Sources */ = {isa = PBXBuildFile; fileRef = FB96EB91000000OC /* ActiveAdaptiveSessionView.swift */; };
		FB96EB91000000P1 /* SleepInsight.swift in Sources */ = {isa = PBXBuildFile; fileRef = FB96EB91000000P2 /* SleepInsight.swift */; };
		FB96EB91000000P3 /* InsightsService.swift in Sources */ = {isa = PBXBuildFile; fileRef = FB96EB91000000P4 /* InsightsService.swift */; };
		FB96EB91000000P5 /* InsightsView.swift in Sources */ = {isa = PBXBuildFile; fileRef = FB96EB91000000P6 /* InsightsView.swift */; };
		FB96EB91000000P7 /* WeeklySleepChartView.swift in Sources */ = {isa = PBXBuildFile; fileRef = FB96EB91000000P8 /* WeeklySleepChartView.swift */; };
		FB96EB91000000P9 /* MetricsGridView.swift in Sources */ = {isa = PBXBuildFile; fileRef = FB96EB91000000PA /* MetricsGridView.swift */; };
		FB96EB91000000PB /* TopSoundsView.swift in Sources */ = {isa = PBXBuildFile; fileRef = FB96EB91000000PC /* TopSoundsView.swift */; };
		FB96EB91000000PD /* RecommendationsView.swift in Sources */ = {isa = PBXBuildFile; fileRef = FB96EB91000000PE /* RecommendationsView.swift */; };
		FB96EB91000000PF /* SleepGoalView.swift in Sources */ = {isa = PBXBuildFile; fileRef = FB96EB91000000PG /* SleepGoalView.swift */; };
		FB96EB91000000PH /* UsageStatisticsView.swift in Sources */ = {isa = PBXBuildFile; fileRef = FB96EB91000000PI /* UsageStatisticsView.swift */; };
		FB96EB91000000Q1 /* Creative Mind.mp3 in Resources */ = {isa = PBXBuildFile; fileRef = FB96EB91000000R1 /* Creative Mind.mp3 */; };
		FB96EB91000000Q2 /* Midnight Calm.mp3 in Resources */ = {isa = PBXBuildFile; fileRef = FB96EB91000000R2 /* Midnight Calm.mp3 */; };
		FB96EB91000000Q3 /* Ocean Lullaby.mp3 in Resources */ = {isa = PBXBuildFile; fileRef = FB96EB91000000R3 /* Ocean Lullaby.mp3 */; };
		FB96EB91000000Q4 /* Deep Focus Flow.mp3 in Resources */ = {isa = PBXBuildFile; fileRef = FB96EB91000000R4 /* Deep Focus Flow.mp3 */; };
		FB96EB91000000Q5 /* Starlit Sky.mp3 in Resources */ = {isa = PBXBuildFile; fileRef = FB96EB91000000R5 /* Starlit Sky.mp3 */; };
		FB96EB91000000Q6 /* Forest Sanctuary.mp3 in Resources */ = {isa = PBXBuildFile; fileRef = FB96EB91000000R6 /* Forest Sanctuary.mp3 */; };
		FB96EB91000000Q7 /* cinematic_piano.mp3 in Resources */ = {isa = PBXBuildFile; fileRef = FB96EB91000000R7 /* cinematic_piano.mp3 */; };
		FB96EB91000000Q8 /* rainforest.mp3 in Resources */ = {isa = PBXBuildFile; fileRef = FB96EB91000000R8 /* rainforest.mp3 */; };
		FB96EB91000000Q9 /* thunder.mp3 in Resources */ = {isa = PBXBuildFile; fileRef = FB96EB91000000R9 /* thunder.mp3 */; };
		FB96EB91000000QA /* castle_wind.mp3 in Resources */ = {isa = PBXBuildFile; fileRef = FB96EB91000000RA /* castle_wind.mp3 */; };
		FB96EB91000000QB /* meadow.mp3 in Resources */ = {isa = PBXBuildFile; fileRef = FB96EB91000000RB /* meadow.mp3 */; };
		FB96EB91000000QC /* heavy_thunder.mp3 in Resources */ = {isa = PBXBuildFile; fileRef = FB96EB91000000RC /* heavy_thunder.mp3 */; };
		FB96EB91000000QD /* night_wildlife.mp3 in Resources */ = {isa = PBXBuildFile; fileRef = FB96EB91000000RD /* night_wildlife.mp3 */; };
		FB96EB91000000QE /* spring_birds.mp3 in Resources */ = {isa = PBXBuildFile; fileRef = FB96EB91000000RE /* spring_birds.mp3 */; };
		FB96EB91000000QF /* calm_ocean.mp3 in Resources */ = {isa = PBXBuildFile; fileRef = FB96EB91000000RF /* calm_ocean.mp3 */; };
		FB96EB91000000QG /* ambient_melody.mp3 in Resources */ = {isa = PBXBuildFile; fileRef = FB96EB91000000RG /* ambient_melody.mp3 */; };
		FB96EB91000000S1 /* AppearanceService.swift in Sources */ = {isa = PBXBuildFile; fileRef = FB96EB91000000S2 /* AppearanceService.swift */; };
		FB96EB91000000S3 /* SettingsView.swift in Sources */ = {isa = PBXBuildFile; fileRef = FB96EB91000000S4 /* SettingsView.swift */; };
		FB96EB91000000S5 /* AppearanceSettingsView.swift in Sources */ = {isa = PBXBuildFile; fileRef = FB96EB91000000S6 /* AppearanceSettingsView.swift */; };
		FB96EB91000000S7 /* OLEDBackgroundModifier.swift in Sources */ = {isa = PBXBuildFile; fileRef = FB96EB91000000S8 /* OLEDBackgroundModifier.swift */; };
		FB96EB91000000T1 /* SleepTimerServiceTests.swift in Sources */ = {isa = PBXBuildFile; fileRef = FB96EB91000000U1 /* SleepTimerServiceTests.swift */; };
		FB96EB91000000T2 /* InsightsServiceTests.swift in Sources */ = {isa = PBXBuildFile; fileRef = FB96EB91000000U2 /* InsightsServiceTests.swift */; };
		FB96EB91000000T3 /* AudioEngineTests.swift in Sources */ = {isa = PBXBuildFile; fileRef = FB96EB91000000U3 /* AudioEngineTests.swift */; };
		FB96EB91000000T4 /* FavoritesServiceTests.swift in Sources */ = {isa = PBXBuildFile; fileRef = FB96EB91000000U4 /* FavoritesServiceTests.swift */; };
		FB96EB91000000T5 /* SavedMixesServiceTests.swift in Sources */ = {isa = PBXBuildFile; fileRef = FB96EB91000000U5 /* SavedMixesServiceTests.swift */; };
		FB96EB91000000T6 /* BinauralBeatEngineTests.swift in Sources */ = {isa = PBXBuildFile; fileRef = FB96EB91000000U6 /* BinauralBeatEngineTests.swift */; };
		FB96EB91000000T7 /* AlarmServiceTests.swift in Sources */ = {isa = PBXBuildFile; fileRef = FB96EB91000000U7 /* AlarmServiceTests.swift */; };
		FB96EB91000000T8 /* AlarmTests.swift in Sources */ = {isa = PBXBuildFile; fileRef = FB96EB91000000U8 /* AlarmTests.swift */; };
		FB96EB91ASMR0001 /* ASMRInfoView.swift in Sources */ = {isa = PBXBuildFile; fileRef = FB96EB91ASMR0002 /* ASMRInfoView.swift */; };
		FB96EB91BUDDY001 /* SleepBuddy.swift in Sources */ = {isa = PBXBuildFile; fileRef = FB96EB91BUDDY002 /* SleepBuddy.swift */; };
		FB96EB91BUDDY003 /* SleepBuddyService.swift in Sources */ = {isa = PBXBuildFile; fileRef = FB96EB91BUDDY004 /* SleepBuddyService.swift */; };
		FB96EB91BUDDY005 /* SleepBuddyView.swift in Sources */ = {isa = PBXBuildFile; fileRef = FB96EB91BUDDY006 /* SleepBuddyView.swift */; };
		FB96EB91BUDDY007 /* InviteBuddyView.swift in Sources */ = {isa = PBXBuildFile; fileRef = FB96EB91BUDDY008 /* InviteBuddyView.swift */; };
		FB96EB91BUDDY009 /* BuddyStatusCard.swift in Sources */ = {isa = PBXBuildFile; fileRef = FB96EB91BUDDY00A /* BuddyStatusCard.swift */; };
		FB96EB91CTRL0001 /* SoundScapeControl.swift in Sources */ = {isa = PBXBuildFile; fileRef = FB96EB91CTRL0002 /* SoundScapeControl.swift */; };
		FB96EB91MOTION01 /* MotionService.swift in Sources */ = {isa = PBXBuildFile; fileRef = FB96EB91MOTION02 /* MotionService.swift */; };
		FB96EB91SHEEN001 /* ReflectiveSheenModifier.swift in Sources */ = {isa = PBXBuildFile; fileRef = FB96EB91SHEEN002 /* ReflectiveSheenModifier.swift */; };
		FB96EB91SIRI0001 /* ServiceContainer.swift in Sources */ = {isa = PBXBuildFile; fileRef = FB96EB91SIRI0002 /* ServiceContainer.swift */; };
		FB96EB91SIRI0003 /* StartSleepMixIntent.swift in Sources */ = {isa = PBXBuildFile; fileRef = FB96EB91SIRI0004 /* StartSleepMixIntent.swift */; };
		FB96EB91SIRI0005 /* SavedMixEntity.swift in Sources */ = {isa = PBXBuildFile; fileRef = FB96EB91SIRI0006 /* SavedMixEntity.swift */; };
		FB96EB91SIRI0007 /* PlaySavedMixIntent.swift in Sources */ = {isa = PBXBuildFile; fileRef = FB96EB91SIRI0008 /* PlaySavedMixIntent.swift */; };
		FB96EB91SIRI0009 /* SetSleepTimerIntent.swift in Sources */ = {isa = PBXBuildFile; fileRef = FB96EB91SIRI000A /* SetSleepTimerIntent.swift */; };
		FB96EB91SIRI000B /* StopSoundsIntent.swift in Sources */ = {isa = PBXBuildFile; fileRef = FB96EB91SIRI000C /* StopSoundsIntent.swift */; };
		FB96EB91SIRI000D /* ResumeSoundsIntent.swift in Sources */ = {isa = PBXBuildFile; fileRef = FB96EB91SIRI000E /* ResumeSoundsIntent.swift */; };
		FB96EB91SIRI000F /* SoundScapeShortcuts.swift in Sources */ = {isa = PBXBuildFile; fileRef = FB96EB91SIRI0010 /* SoundScapeShortcuts.swift */; };
		FB96EB91SIRI0013 /* SleepTimerDuration.swift in Sources */ = {isa = PBXBuildFile; fileRef = FB96EB91SIRI0012 /* SleepTimerDuration.swift */; };
		FB96EB91VIZ00001 /* VisualizationType.swift in Sources */ = {isa = PBXBuildFile; fileRef = FB96EB91VIZ00002 /* VisualizationType.swift */; };
		FB96EB91VIZ00003 /* WaveLayer.swift in Sources */ = {isa = PBXBuildFile; fileRef = FB96EB91VIZ00004 /* WaveLayer.swift */; };
		FB96EB91VIZ00005 /* ParticleLayer.swift in Sources */ = {isa = PBXBuildFile; fileRef = FB96EB91VIZ00006 /* ParticleLayer.swift */; };
		FB96EB91VIZ00007 /* LiquidVisualizationView.swift in Sources */ = {isa = PBXBuildFile; fileRef = FB96EB91VIZ00008 /* LiquidVisualizationView.swift */; };
		FB96EB91WDGT0001 /* WidgetSharedState.swift in Sources */ = {isa = PBXBuildFile; fileRef = FB96EB91WDGT0010 /* WidgetSharedState.swift */; };
		FB96EB91WDGT0002 /* SoundScapeWidgetBundle.swift in Sources */ = {isa = PBXBuildFile; fileRef = FB96EB91WDGT0011 /* SoundScapeWidgetBundle.swift */; };
		FB96EB91WDGT0003 /* StandByWidget.swift in Sources */ = {isa = PBXBuildFile; fileRef = FB96EB91WDGT0012 /* StandByWidget.swift */; };
		FB96EB91WDGT0004 /* WidgetSharedState.swift in Sources */ = {isa = PBXBuildFile; fileRef = FB96EB91WDGT0013 /* WidgetSharedState.swift */; };
		FB96EB91WDGT0005 /* SoundScapeWidgetExtension.appex in Embed Foundation Extensions */ = {isa = PBXBuildFile; fileRef = FB96EB91WDGT0020 /* SoundScapeWidgetExtension.appex */; settings = {ATTRIBUTES = (RemoveHeadersOnCopy, ); }; };
/* End PBXBuildFile section */

/* Begin PBXContainerItemProxy section */
		FB96EB91000000W1 /* PBXContainerItemProxy */ = {
			isa = PBXContainerItemProxy;
			containerPortal = FB96EB9100000080 /* Project object */;
			proxyType = 1;
			remoteGlobalIDString = FB96EB9100000060;
			remoteInfo = SoundScape;
		};
		FB96EB91WDGT0030 /* PBXContainerItemProxy */ = {
			isa = PBXContainerItemProxy;
			containerPortal = FB96EB9100000080 /* Project object */;
			proxyType = 1;
			remoteGlobalIDString = FB96EB91WDGT0040;
			remoteInfo = SoundScapeWidgetExtension;
		};
/* End PBXContainerItemProxy section */

/* Begin PBXCopyFilesBuildPhase section */
		FB96EB91WDGT0050 /* Embed Foundation Extensions */ = {
			isa = PBXCopyFilesBuildPhase;
			buildActionMask = 2147483647;
			dstPath = "";
			dstSubfolderSpec = 13;
			files = (
				FB96EB91WDGT0005 /* SoundScapeWidgetExtension.appex in Embed Foundation Extensions */,
			);
			name = "Embed Foundation Extensions";
			runOnlyForDeploymentPostprocessing = 0;
		};
/* End PBXCopyFilesBuildPhase section */

/* Begin PBXFileReference section */
		FB96EB9100000011 /* SoundScapeApp.swift */ = {isa = PBXFileReference; lastKnownFileType = sourcecode.swift; path = SoundScapeApp.swift; sourceTree = "<group>"; };
		FB96EB9100000012 /* ContentView.swift */ = {isa = PBXFileReference; lastKnownFileType = sourcecode.swift; path = ContentView.swift; sourceTree = "<group>"; };
		FB96EB9100000013 /* Assets.xcassets */ = {isa = PBXFileReference; lastKnownFileType = folder.assetcatalog; path = Assets.xcassets; sourceTree = "<group>"; };
		FB96EB9100000014 /* GoogleService-Info.plist */ = {isa = PBXFileReference; lastKnownFileType = text.plist.xml; path = "GoogleService-Info.plist"; sourceTree = "<group>"; };
		FB96EB9100000015 /* white_noise.mp3 */ = {isa = PBXFileReference; lastKnownFileType = audio.mp3; path = white_noise.mp3; sourceTree = "<group>"; };
		FB96EB9100000016 /* pink_noise.mp3 */ = {isa = PBXFileReference; lastKnownFileType = audio.mp3; path = pink_noise.mp3; sourceTree = "<group>"; };
		FB96EB9100000017 /* brown_noise.mp3 */ = {isa = PBXFileReference; lastKnownFileType = audio.mp3; path = brown_noise.mp3; sourceTree = "<group>"; };
		FB96EB9100000018 /* brown_noise_deep.mp3 */ = {isa = PBXFileReference; lastKnownFileType = audio.mp3; path = brown_noise_deep.mp3; sourceTree = "<group>"; };
		FB96EB9100000019 /* morning_birds.mp3 */ = {isa = PBXFileReference; lastKnownFileType = audio.mp3; path = morning_birds.mp3; sourceTree = "<group>"; };
		FB96EB910000001A /* winter_forest.mp3 */ = {isa = PBXFileReference; lastKnownFileType = audio.mp3; path = winter_forest.mp3; sourceTree = "<group>"; };
		FB96EB910000001B /* serene_morning.mp3 */ = {isa = PBXFileReference; lastKnownFileType = audio.mp3; path = serene_morning.mp3; sourceTree = "<group>"; };
		FB96EB910000001C /* rain_storm.mp3 */ = {isa = PBXFileReference; lastKnownFileType = audio.mp3; path = rain_storm.mp3; sourceTree = "<group>"; };
		FB96EB910000001D /* wind_ambient.mp3 */ = {isa = PBXFileReference; lastKnownFileType = audio.mp3; path = wind_ambient.mp3; sourceTree = "<group>"; };
		FB96EB910000001E /* campfire.mp3 */ = {isa = PBXFileReference; lastKnownFileType = audio.mp3; path = campfire.mp3; sourceTree = "<group>"; };
		FB96EB910000001F /* bonfire.mp3 */ = {isa = PBXFileReference; lastKnownFileType = audio.mp3; path = bonfire.mp3; sourceTree = "<group>"; };
		FB96EB9100000020 /* SoundScape.app */ = {isa = PBXFileReference; explicitFileType = wrapper.application; includeInIndex = 0; path = SoundScape.app; sourceTree = BUILT_PRODUCTS_DIR; };
		FB96EB9100000021 /* Info.plist */ = {isa = PBXFileReference; lastKnownFileType = text.plist.xml; path = Info.plist; sourceTree = "<group>"; };
		FB96EB91000000AB /* AnalyticsService.swift */ = {isa = PBXFileReference; lastKnownFileType = sourcecode.swift; path = AnalyticsService.swift; sourceTree = "<group>"; };
		FB96EB91000000AD /* ReviewPromptService.swift */ = {isa = PBXFileReference; lastKnownFileType = sourcecode.swift; path = ReviewPromptService.swift; sourceTree = "<group>"; };
		FB96EB91000000B1 /* Sound.swift */ = {isa = PBXFileReference; lastKnownFileType = sourcecode.swift; path = Sound.swift; sourceTree = "<group>"; };
		FB96EB91000000B2 /* SoundRepositoryProtocol.swift */ = {isa = PBXFileReference; lastKnownFileType = sourcecode.swift; path = SoundRepositoryProtocol.swift; sourceTree = "<group>"; };
		FB96EB91000000B3 /* LocalSoundDataSource.swift */ = {isa = PBXFileReference; lastKnownFileType = sourcecode.swift; path = LocalSoundDataSource.swift; sourceTree = "<group>"; };
		FB96EB91000000B4 /* SoundRepository.swift */ = {isa = PBXFileReference; lastKnownFileType = sourcecode.swift; path = SoundRepository.swift; sourceTree = "<group>"; };
		FB96EB91000000B5 /* SoundsViewModel.swift */ = {isa = PBXFileReference; lastKnownFileType = sourcecode.swift; path = SoundsViewModel.swift; sourceTree = "<group>"; };
		FB96EB91000000B6 /* SoundsView.swift */ = {isa = PBXFileReference; lastKnownFileType = sourcecode.swift; path = SoundsView.swift; sourceTree = "<group>"; };
		FB96EB91000000B7 /* SoundCardView.swift */ = {isa = PBXFileReference; lastKnownFileType = sourcecode.swift; path = SoundCardView.swift; sourceTree = "<group>"; };
		FB96EB91000000B8 /* CategoryFilterView.swift */ = {isa = PBXFileReference; lastKnownFileType = sourcecode.swift; path = CategoryFilterView.swift; sourceTree = "<group>"; };
		FB96EB91000000E1 /* ActiveSound.swift */ = {isa = PBXFileReference; lastKnownFileType = sourcecode.swift; path = ActiveSound.swift; sourceTree = "<group>"; };
		FB96EB91000000E2 /* AudioPlayerProtocol.swift */ = {isa = PBXFileReference; lastKnownFileType = sourcecode.swift; path = AudioPlayerProtocol.swift; sourceTree = "<group>"; };
		FB96EB91000000E3 /* AudioEngine.swift */ = {isa = PBXFileReference; lastKnownFileType = sourcecode.swift; path = AudioEngine.swift; sourceTree = "<group>"; };
		FB96EB91000000F4 /* MixerView.swift */ = {isa = PBXFileReference; lastKnownFileType = sourcecode.swift; path = MixerView.swift; sourceTree = "<group>"; };
		FB96EB91000000F6 /* MixerSoundRowView.swift */ = {isa = PBXFileReference; lastKnownFileType = sourcecode.swift; path = MixerSoundRowView.swift; sourceTree = "<group>"; };
		FB96EB91000000G2 /* NowPlayingBarView.swift */ = {isa = PBXFileReference; lastKnownFileType = sourcecode.swift; path = NowPlayingBarView.swift; sourceTree = "<group>"; };
		FB96EB91000000H2 /* SleepTimer.swift */ = {isa = PBXFileReference; lastKnownFileType = sourcecode.swift; path = SleepTimer.swift; sourceTree = "<group>"; };
		FB96EB91000000H4 /* SleepTimerService.swift */ = {isa = PBXFileReference; lastKnownFileType = sourcecode.swift; path = SleepTimerService.swift; sourceTree = "<group>"; };
		FB96EB91000000H6 /* SleepTimerView.swift */ = {isa = PBXFileReference; lastKnownFileType = sourcecode.swift; path = SleepTimerView.swift; sourceTree = "<group>"; };
		FB96EB91000000I2 /* FavoritesService.swift */ = {isa = PBXFileReference; lastKnownFileType = sourcecode.swift; path = FavoritesService.swift; sourceTree = "<group>"; };
		FB96EB91000000I4 /* FavoritesView.swift */ = {isa = PBXFileReference; lastKnownFileType = sourcecode.swift; path = FavoritesView.swift; sourceTree = "<group>"; };
		FB96EB91000000J2 /* SavedMix.swift */ = {isa = PBXFileReference; lastKnownFileType = sourcecode.swift; path = SavedMix.swift; sourceTree = "<group>"; };
		FB96EB91000000J4 /* SavedMixesService.swift */ = {isa = PBXFileReference; lastKnownFileType = sourcecode.swift; path = SavedMixesService.swift; sourceTree = "<group>"; };
		FB96EB91000000J6 /* SavedMixesView.swift */ = {isa = PBXFileReference; lastKnownFileType = sourcecode.swift; path = SavedMixesView.swift; sourceTree = "<group>"; };
		FB96EB91000000J8 /* SavedMixRowView.swift */ = {isa = PBXFileReference; lastKnownFileType = sourcecode.swift; path = SavedMixRowView.swift; sourceTree = "<group>"; };
		FB96EB91000000JA /* SaveMixSheet.swift */ = {isa = PBXFileReference; lastKnownFileType = sourcecode.swift; path = SaveMixSheet.swift; sourceTree = "<group>"; };
		FB96EB91000000K2 /* Story.swift */ = {isa = PBXFileReference; lastKnownFileType = sourcecode.swift; path = Story.swift; sourceTree = "<group>"; };
		FB96EB91000000K4 /* LocalStoryDataSource.swift */ = {isa = PBXFileReference; lastKnownFileType = sourcecode.swift; path = LocalStoryDataSource.swift; sourceTree = "<group>"; };
		FB96EB91000000K6 /* StoryProgressService.swift */ = {isa = PBXFileReference; lastKnownFileType = sourcecode.swift; path = StoryProgressService.swift; sourceTree = "<group>"; };
		FB96EB91000000K8 /* StoriesView.swift */ = {isa = PBXFileReference; lastKnownFileType = sourcecode.swift; path = StoriesView.swift; sourceTree = "<group>"; };
		FB96EB91000000KA /* StoryCardView.swift */ = {isa = PBXFileReference; lastKnownFileType = sourcecode.swift; path = StoryCardView.swift; sourceTree = "<group>"; };
		FB96EB91000000KC /* StoryPlayerView.swift */ = {isa = PBXFileReference; lastKnownFileType = sourcecode.swift; path = StoryPlayerView.swift; sourceTree = "<group>"; };
		FB96EB91000000KE /* FeaturedStoryBanner.swift */ = {isa = PBXFileReference; lastKnownFileType = sourcecode.swift; path = FeaturedStoryBanner.swift; sourceTree = "<group>"; };
		FB96EB91000000KG /* StoryCategoryFilterView.swift */ = {isa = PBXFileReference; lastKnownFileType = sourcecode.swift; path = StoryCategoryFilterView.swift; sourceTree = "<group>"; };
		FB96EB91000000KI /* StorySectionView.swift */ = {isa = PBXFileReference; lastKnownFileType = sourcecode.swift; path = StorySectionView.swift; sourceTree = "<group>"; };
		FB96EB91000000L2 /* BinauralBeat.swift */ = {isa = PBXFileReference; lastKnownFileType = sourcecode.swift; path = BinauralBeat.swift; sourceTree = "<group>"; };
		FB96EB91000000L4 /* BinauralBeatEngine.swift */ = {isa = PBXFileReference; lastKnownFileType = sourcecode.swift; path = BinauralBeatEngine.swift; sourceTree = "<group>"; };
		FB96EB91000000L6 /* BinauralBeatsView.swift */ = {isa = PBXFileReference; lastKnownFileType = sourcecode.swift; path = BinauralBeatsView.swift; sourceTree = "<group>"; };
		FB96EB91000000M2 /* Alarm.swift */ = {isa = PBXFileReference; lastKnownFileType = sourcecode.swift; path = Alarm.swift; sourceTree = "<group>"; };
		FB96EB91000000M4 /* AlarmService.swift */ = {isa = PBXFileReference; lastKnownFileType = sourcecode.swift; path = AlarmService.swift; sourceTree = "<group>"; };
		FB96EB91000000M6 /* AlarmsView.swift */ = {isa = PBXFileReference; lastKnownFileType = sourcecode.swift; path = AlarmsView.swift; sourceTree = "<group>"; };
		FB96EB91000000M8 /* AlarmRowView.swift */ = {isa = PBXFileReference; lastKnownFileType = sourcecode.swift; path = AlarmRowView.swift; sourceTree = "<group>"; };
		FB96EB91000000MA /* AlarmDetailView.swift */ = {isa = PBXFileReference; lastKnownFileType = sourcecode.swift; path = AlarmDetailView.swift; sourceTree = "<group>"; };
		FB96EB91000000MC /* WeekdaySelector.swift */ = {isa = PBXFileReference; lastKnownFileType = sourcecode.swift; path = WeekdaySelector.swift; sourceTree = "<group>"; };
		FB96EB91000000ME /* SoundPickerView.swift */ = {isa = PBXFileReference; lastKnownFileType = sourcecode.swift; path = SoundPickerView.swift; sourceTree = "<group>"; };
		FB96EB91000000N2 /* CommunityMix.swift */ = {isa = PBXFileReference; lastKnownFileType = sourcecode.swift; path = CommunityMix.swift; sourceTree = "<group>"; };
		FB96EB91000000N4 /* LocalCommunityDataSource.swift */ = {isa = PBXFileReference; lastKnownFileType = sourcecode.swift; path = LocalCommunityDataSource.swift; sourceTree = "<group>"; };
		FB96EB91000000N6 /* DiscoverView.swift */ = {isa = PBXFileReference; lastKnownFileType = sourcecode.swift; path = DiscoverView.swift; sourceTree = "<group>"; };
		FB96EB91000000N8 /* CommunityCategoryFilterView.swift */ = {isa = PBXFileReference; lastKnownFileType = sourcecode.swift; path = CommunityCategoryFilterView.swift; sourceTree = "<group>"; };
		FB96EB91000000NA /* CommunityMixCardView.swift */ = {isa = PBXFileReference; lastKnownFileType = sourcecode.swift; path = CommunityMixCardView.swift; sourceTree = "<group>"; };
		FB96EB91000000NC /* FeaturedMixBanner.swift */ = {isa = PBXFileReference; lastKnownFileType = sourcecode.swift; path = FeaturedMixBanner.swift; sourceTree = "<group>"; };
		FB96EB91000000NE /* MixDetailView.swift */ = {isa = PBXFileReference; lastKnownFileType = sourcecode.swift; path = MixDetailView.swift; sourceTree = "<group>"; };
		FB96EB91000000NG /* MixSectionView.swift */ = {isa = PBXFileReference; lastKnownFileType = sourcecode.swift; path = MixSectionView.swift; sourceTree = "<group>"; };
		FB96EB91000000O2 /* AdaptiveMode.swift */ = {isa = PBXFileReference; lastKnownFileType = sourcecode.swift; path = AdaptiveMode.swift; sourceTree = "<group>"; };
		FB96EB91000000O4 /* AdaptiveSessionService.swift */ = {isa = PBXFileReference; lastKnownFileType = sourcecode.swift; path = AdaptiveSessionService.swift; sourceTree = "<group>"; };
		FB96EB91000000O6 /* AdaptiveView.swift */ = {isa = PBXFileReference; lastKnownFileType = sourcecode.swift; path = AdaptiveView.swift; sourceTree = "<group>"; };
		FB96EB91000000O8 /* AdaptiveModeCardView.swift */ = {isa = PBXFileReference; lastKnownFileType = sourcecode.swift; path = AdaptiveModeCardView.swift; sourceTree = "<group>"; };
		FB96EB91000000OA /* PhasePreviewView.swift */ = {isa = PBXFileReference; lastKnownFileType = sourcecode.swift; path = PhasePreviewView.swift; sourceTree = "<group>"; };
		FB96EB91000000OC /* ActiveAdaptiveSessionView.swift */ = {isa = PBXFileReference; lastKnownFileType = sourcecode.swift; path = ActiveAdaptiveSessionView.swift; sourceTree = "<group>"; };
		FB96EB91000000P2 /* SleepInsight.swift */ = {isa = PBXFileReference; lastKnownFileType = sourcecode.swift; path = SleepInsight.swift; sourceTree = "<group>"; };
		FB96EB91000000P4 /* InsightsService.swift */ = {isa = PBXFileReference; lastKnownFileType = sourcecode.swift; path = InsightsService.swift; sourceTree = "<group>"; };
		FB96EB91000000P6 /* InsightsView.swift */ = {isa = PBXFileReference; lastKnownFileType = sourcecode.swift; path = InsightsView.swift; sourceTree = "<group>"; };
		FB96EB91000000P8 /* WeeklySleepChartView.swift */ = {isa = PBXFileReference; lastKnownFileType = sourcecode.swift; path = WeeklySleepChartView.swift; sourceTree = "<group>"; };
		FB96EB91000000PA /* MetricsGridView.swift */ = {isa = PBXFileReference; lastKnownFileType = sourcecode.swift; path = MetricsGridView.swift; sourceTree = "<group>"; };
		FB96EB91000000PC /* TopSoundsView.swift */ = {isa = PBXFileReference; lastKnownFileType = sourcecode.swift; path = TopSoundsView.swift; sourceTree = "<group>"; };
		FB96EB91000000PE /* RecommendationsView.swift */ = {isa = PBXFileReference; lastKnownFileType = sourcecode.swift; path = RecommendationsView.swift; sourceTree = "<group>"; };
		FB96EB91000000PG /* SleepGoalView.swift */ = {isa = PBXFileReference; lastKnownFileType = sourcecode.swift; path = SleepGoalView.swift; sourceTree = "<group>"; };
		FB96EB91000000PI /* UsageStatisticsView.swift */ = {isa = PBXFileReference; lastKnownFileType = sourcecode.swift; path = UsageStatisticsView.swift; sourceTree = "<group>"; };
		FB96EB91000000R1 /* Creative Mind.mp3 */ = {isa = PBXFileReference; lastKnownFileType = audio.mp3; path = "Creative Mind.mp3"; sourceTree = "<group>"; };
		FB96EB91000000R2 /* Midnight Calm.mp3 */ = {isa = PBXFileReference; lastKnownFileType = audio.mp3; path = "Midnight Calm.mp3"; sourceTree = "<group>"; };
		FB96EB91000000R3 /* Ocean Lullaby.mp3 */ = {isa = PBXFileReference; lastKnownFileType = audio.mp3; path = "Ocean Lullaby.mp3"; sourceTree = "<group>"; };
		FB96EB91000000R4 /* Deep Focus Flow.mp3 */ = {isa = PBXFileReference; lastKnownFileType = audio.mp3; path = "Deep Focus Flow.mp3"; sourceTree = "<group>"; };
		FB96EB91000000R5 /* Starlit Sky.mp3 */ = {isa = PBXFileReference; lastKnownFileType = audio.mp3; path = "Starlit Sky.mp3"; sourceTree = "<group>"; };
		FB96EB91000000R6 /* Forest Sanctuary.mp3 */ = {isa = PBXFileReference; lastKnownFileType = audio.mp3; path = "Forest Sanctuary.mp3"; sourceTree = "<group>"; };
		FB96EB91000000R7 /* cinematic_piano.mp3 */ = {isa = PBXFileReference; lastKnownFileType = audio.mp3; path = cinematic_piano.mp3; sourceTree = "<group>"; };
		FB96EB91000000R8 /* rainforest.mp3 */ = {isa = PBXFileReference; lastKnownFileType = audio.mp3; path = rainforest.mp3; sourceTree = "<group>"; };
		FB96EB91000000R9 /* thunder.mp3 */ = {isa = PBXFileReference; lastKnownFileType = audio.mp3; path = thunder.mp3; sourceTree = "<group>"; };
		FB96EB91000000RA /* castle_wind.mp3 */ = {isa = PBXFileReference; lastKnownFileType = audio.mp3; path = castle_wind.mp3; sourceTree = "<group>"; };
		FB96EB91000000RB /* meadow.mp3 */ = {isa = PBXFileReference; lastKnownFileType = audio.mp3; path = meadow.mp3; sourceTree = "<group>"; };
		FB96EB91000000RC /* heavy_thunder.mp3 */ = {isa = PBXFileReference; lastKnownFileType = audio.mp3; path = heavy_thunder.mp3; sourceTree = "<group>"; };
		FB96EB91000000RD /* night_wildlife.mp3 */ = {isa = PBXFileReference; lastKnownFileType = audio.mp3; path = night_wildlife.mp3; sourceTree = "<group>"; };
		FB96EB91000000RE /* spring_birds.mp3 */ = {isa = PBXFileReference; lastKnownFileType = audio.mp3; path = spring_birds.mp3; sourceTree = "<group>"; };
		FB96EB91000000RF /* calm_ocean.mp3 */ = {isa = PBXFileReference; lastKnownFileType = audio.mp3; path = calm_ocean.mp3; sourceTree = "<group>"; };
		FB96EB91000000RG /* ambient_melody.mp3 */ = {isa = PBXFileReference; lastKnownFileType = audio.mp3; path = ambient_melody.mp3; sourceTree = "<group>"; };
		FB96EB91000000S2 /* AppearanceService.swift */ = {isa = PBXFileReference; lastKnownFileType = sourcecode.swift; path = AppearanceService.swift; sourceTree = "<group>"; };
		FB96EB91000000S4 /* SettingsView.swift */ = {isa = PBXFileReference; lastKnownFileType = sourcecode.swift; path = SettingsView.swift; sourceTree = "<group>"; };
		FB96EB91000000S6 /* AppearanceSettingsView.swift */ = {isa = PBXFileReference; lastKnownFileType = sourcecode.swift; path = AppearanceSettingsView.swift; sourceTree = "<group>"; };
		FB96EB91000000S8 /* OLEDBackgroundModifier.swift */ = {isa = PBXFileReference; lastKnownFileType = sourcecode.swift; path = OLEDBackgroundModifier.swift; sourceTree = "<group>"; };
		FB96EB91000000U1 /* SleepTimerServiceTests.swift */ = {isa = PBXFileReference; lastKnownFileType = sourcecode.swift; path = SleepTimerServiceTests.swift; sourceTree = "<group>"; };
		FB96EB91000000U2 /* InsightsServiceTests.swift */ = {isa = PBXFileReference; lastKnownFileType = sourcecode.swift; path = InsightsServiceTests.swift; sourceTree = "<group>"; };
		FB96EB91000000U3 /* AudioEngineTests.swift */ = {isa = PBXFileReference; lastKnownFileType = sourcecode.swift; path = AudioEngineTests.swift; sourceTree = "<group>"; };
		FB96EB91000000U4 /* FavoritesServiceTests.swift */ = {isa = PBXFileReference; lastKnownFileType = sourcecode.swift; path = FavoritesServiceTests.swift; sourceTree = "<group>"; };
		FB96EB91000000U5 /* SavedMixesServiceTests.swift */ = {isa = PBXFileReference; lastKnownFileType = sourcecode.swift; path = SavedMixesServiceTests.swift; sourceTree = "<group>"; };
		FB96EB91000000U6 /* BinauralBeatEngineTests.swift */ = {isa = PBXFileReference; lastKnownFileType = sourcecode.swift; path = BinauralBeatEngineTests.swift; sourceTree = "<group>"; };
		FB96EB91000000U7 /* AlarmServiceTests.swift */ = {isa = PBXFileReference; lastKnownFileType = sourcecode.swift; path = AlarmServiceTests.swift; sourceTree = "<group>"; };
		FB96EB91000000U8 /* AlarmTests.swift */ = {isa = PBXFileReference; lastKnownFileType = sourcecode.swift; path = AlarmTests.swift; sourceTree = "<group>"; };
		FB96EB91000000V1 /* SoundScapeTests.xctest */ = {isa = PBXFileReference; explicitFileType = wrapper.cfbundle; includeInIndex = 0; path = SoundScapeTests.xctest; sourceTree = BUILT_PRODUCTS_DIR; };
		FB96EB91ASMR0002 /* ASMRInfoView.swift */ = {isa = PBXFileReference; lastKnownFileType = sourcecode.swift; path = ASMRInfoView.swift; sourceTree = "<group>"; };
		FB96EB91BUDDY002 /* SleepBuddy.swift */ = {isa = PBXFileReference; lastKnownFileType = sourcecode.swift; path = SleepBuddy.swift; sourceTree = "<group>"; };
		FB96EB91BUDDY004 /* SleepBuddyService.swift */ = {isa = PBXFileReference; lastKnownFileType = sourcecode.swift; path = SleepBuddyService.swift; sourceTree = "<group>"; };
		FB96EB91BUDDY006 /* SleepBuddyView.swift */ = {isa = PBXFileReference; lastKnownFileType = sourcecode.swift; path = SleepBuddyView.swift; sourceTree = "<group>"; };
		FB96EB91BUDDY008 /* InviteBuddyView.swift */ = {isa = PBXFileReference; lastKnownFileType = sourcecode.swift; path = InviteBuddyView.swift; sourceTree = "<group>"; };
		FB96EB91BUDDY00A /* BuddyStatusCard.swift */ = {isa = PBXFileReference; lastKnownFileType = sourcecode.swift; path = BuddyStatusCard.swift; sourceTree = "<group>"; };
		FB96EB91CTRL0002 /* SoundScapeControl.swift */ = {isa = PBXFileReference; lastKnownFileType = sourcecode.swift; path = SoundScapeControl.swift; sourceTree = "<group>"; };
		FB96EB91MOTION02 /* MotionService.swift */ = {isa = PBXFileReference; lastKnownFileType = sourcecode.swift; path = MotionService.swift; sourceTree = "<group>"; };
		FB96EB91SHEEN002 /* ReflectiveSheenModifier.swift */ = {isa = PBXFileReference; lastKnownFileType = sourcecode.swift; path = ReflectiveSheenModifier.swift; sourceTree = "<group>"; };
		FB96EB91SIRI0002 /* ServiceContainer.swift */ = {isa = PBXFileReference; lastKnownFileType = sourcecode.swift; path = ServiceContainer.swift; sourceTree = "<group>"; };
		FB96EB91SIRI0004 /* StartSleepMixIntent.swift */ = {isa = PBXFileReference; lastKnownFileType = sourcecode.swift; path = StartSleepMixIntent.swift; sourceTree = "<group>"; };
		FB96EB91SIRI0006 /* SavedMixEntity.swift */ = {isa = PBXFileReference; lastKnownFileType = sourcecode.swift; path = SavedMixEntity.swift; sourceTree = "<group>"; };
		FB96EB91SIRI0008 /* PlaySavedMixIntent.swift */ = {isa = PBXFileReference; lastKnownFileType = sourcecode.swift; path = PlaySavedMixIntent.swift; sourceTree = "<group>"; };
		FB96EB91SIRI000A /* SetSleepTimerIntent.swift */ = {isa = PBXFileReference; lastKnownFileType = sourcecode.swift; path = SetSleepTimerIntent.swift; sourceTree = "<group>"; };
		FB96EB91SIRI000C /* StopSoundsIntent.swift */ = {isa = PBXFileReference; lastKnownFileType = sourcecode.swift; path = StopSoundsIntent.swift; sourceTree = "<group>"; };
		FB96EB91SIRI000E /* ResumeSoundsIntent.swift */ = {isa = PBXFileReference; lastKnownFileType = sourcecode.swift; path = ResumeSoundsIntent.swift; sourceTree = "<group>"; };
		FB96EB91SIRI0010 /* SoundScapeShortcuts.swift */ = {isa = PBXFileReference; lastKnownFileType = sourcecode.swift; path = SoundScapeShortcuts.swift; sourceTree = "<group>"; };
		FB96EB91SIRI0012 /* SleepTimerDuration.swift */ = {isa = PBXFileReference; lastKnownFileType = sourcecode.swift; path = SleepTimerDuration.swift; sourceTree = "<group>"; };
		FB96EB91VIZ00002 /* VisualizationType.swift */ = {isa = PBXFileReference; lastKnownFileType = sourcecode.swift; path = VisualizationType.swift; sourceTree = "<group>"; };
		FB96EB91VIZ00004 /* WaveLayer.swift */ = {isa = PBXFileReference; lastKnownFileType = sourcecode.swift; path = WaveLayer.swift; sourceTree = "<group>"; };
		FB96EB91VIZ00006 /* ParticleLayer.swift */ = {isa = PBXFileReference; lastKnownFileType = sourcecode.swift; path = ParticleLayer.swift; sourceTree = "<group>"; };
		FB96EB91VIZ00008 /* LiquidVisualizationView.swift */ = {isa = PBXFileReference; lastKnownFileType = sourcecode.swift; path = LiquidVisualizationView.swift; sourceTree = "<group>"; };
		FB96EB91WDGT0010 /* WidgetSharedState.swift */ = {isa = PBXFileReference; lastKnownFileType = sourcecode.swift; path = WidgetSharedState.swift; sourceTree = "<group>"; };
		FB96EB91WDGT0011 /* SoundScapeWidgetBundle.swift */ = {isa = PBXFileReference; lastKnownFileType = sourcecode.swift; path = SoundScapeWidgetBundle.swift; sourceTree = "<group>"; };
		FB96EB91WDGT0012 /* StandByWidget.swift */ = {isa = PBXFileReference; lastKnownFileType = sourcecode.swift; path = StandByWidget.swift; sourceTree = "<group>"; };
		FB96EB91WDGT0013 /* WidgetSharedState.swift */ = {isa = PBXFileReference; lastKnownFileType = sourcecode.swift; path = WidgetSharedState.swift; sourceTree = "<group>"; };
		FB96EB91WDGT0014 /* Info.plist */ = {isa = PBXFileReference; lastKnownFileType = text.plist.xml; path = Info.plist; sourceTree = "<group>"; };
		FB96EB91WDGT0015 /* SoundScapeWidget.entitlements */ = {isa = PBXFileReference; lastKnownFileType = text.plist.entitlements; path = SoundScapeWidget.entitlements; sourceTree = "<group>"; };
		FB96EB91WDGT0016 /* SoundScape.entitlements */ = {isa = PBXFileReference; lastKnownFileType = text.plist.entitlements; path = SoundScape.entitlements; sourceTree = "<group>"; };
		FB96EB91WDGT0020 /* SoundScapeWidgetExtension.appex */ = {isa = PBXFileReference; explicitFileType = "wrapper.app-extension"; includeInIndex = 0; path = SoundScapeWidgetExtension.appex; sourceTree = BUILT_PRODUCTS_DIR; };
/* End PBXFileReference section */

/* Begin PBXFrameworksBuildPhase section */
		FB96EB9100000030 /* Frameworks */ = {
			isa = PBXFrameworksBuildPhase;
			buildActionMask = 2147483647;
			files = (
				FB96EB91000000AE /* FirebaseAnalytics in Frameworks */,
			);
			runOnlyForDeploymentPostprocessing = 0;
		};
		FB96EB91000000X1 /* Frameworks */ = {
			isa = PBXFrameworksBuildPhase;
			buildActionMask = 2147483647;
			files = (
			);
			runOnlyForDeploymentPostprocessing = 0;
		};
		FB96EB91WDGT0060 /* Frameworks */ = {
			isa = PBXFrameworksBuildPhase;
			buildActionMask = 2147483647;
			files = (
			);
			runOnlyForDeploymentPostprocessing = 0;
		};
/* End PBXFrameworksBuildPhase section */

/* Begin PBXGroup section */
		FB96EB9100000040 = {
			isa = PBXGroup;
			children = (
				FB96EB9100000041 /* Sources */,
				FB96EB91000000Y1 /* Tests */,
				FB96EB9100000042 /* Resources */,
				FB96EB91WDGT0070 /* SoundScapeWidget */,
				FB96EB91WDGT0016 /* SoundScape.entitlements */,
				FB96EB9100000043 /* Products */,
			);
			sourceTree = "<group>";
		};
		FB96EB9100000041 /* Sources */ = {
			isa = PBXGroup;
			children = (
				FB96EB9100000044 /* App */,
				FB96EB9100000045 /* Domain */,
				FB96EB9100000046 /* Data */,
				FB96EB9100000047 /* Presentation */,
			);
			path = Sources;
			sourceTree = "<group>";
		};
		FB96EB9100000042 /* Resources */ = {
			isa = PBXGroup;
			children = (
				FB96EB9100000013 /* Assets.xcassets */,
				FB96EB9100000048 /* Sounds */,
				FB96EB9100000014 /* GoogleService-Info.plist */,
				FB96EB9100000021 /* Info.plist */,
			);
			path = Resources;
			sourceTree = "<group>";
		};
		FB96EB9100000043 /* Products */ = {
			isa = PBXGroup;
			children = (
				FB96EB9100000020 /* SoundScape.app */,
				FB96EB91000000V1 /* SoundScapeTests.xctest */,
				FB96EB91WDGT0020 /* SoundScapeWidgetExtension.appex */,
			);
			name = Products;
			sourceTree = "<group>";
		};
		FB96EB9100000044 /* App */ = {
			isa = PBXGroup;
			children = (
				FB96EB9100000011 /* SoundScapeApp.swift */,
				FB96EB9100000012 /* ContentView.swift */,
				FB96EB91SIRI0011 /* Intents */,
			);
			path = App;
			sourceTree = "<group>";
		};
		FB96EB9100000045 /* Domain */ = {
			isa = PBXGroup;
			children = (
				FB96EB9100000049 /* Entities */,
				FB96EB91000000F1 /* Protocols */,
				FB96EB910000004A /* Repositories */,
				FB96EB910000004B /* UseCases */,
			);
			path = Domain;
			sourceTree = "<group>";
		};
		FB96EB9100000046 /* Data */ = {
			isa = PBXGroup;
			children = (
				FB96EB910000004C /* Repositories */,
				FB96EB910000004D /* DataSources */,
				FB96EB910000004E /* Models */,
				FB96EB91000000F2 /* Services */,
			);
			path = Data;
			sourceTree = "<group>";
		};
		FB96EB9100000047 /* Presentation */ = {
			isa = PBXGroup;
			children = (
				FB96EB910000004F /* Sounds */,
				FB96EB9100000050 /* Mixer */,
				FB96EB91000000LL /* BinauralBeats */,
				FB96EB9100000051 /* Timer */,
				FB96EB9100000052 /* Favorites */,
				FB96EB9100000053 /* SavedMixes */,
				FB96EB91000000KJ /* Stories */,
				FB96EB91000000MF /* Alarms */,
				FB96EB91000000NH /* Discover */,
				FB96EB91000000OD /* Adaptive */,
				FB96EB91000000PJ /* Insights */,
				FB96EB91000000SA /* Settings */,
				FB96EB91BUDDY00B /* SleepBuddy */,
				FB96EB9100000054 /* Components */,
			);
			path = Presentation;
			sourceTree = "<group>";
		};
		FB96EB9100000048 /* Sounds */ = {
			isa = PBXGroup;
			children = (
				FB96EB9100000015 /* white_noise.mp3 */,
				FB96EB9100000016 /* pink_noise.mp3 */,
				FB96EB9100000017 /* brown_noise.mp3 */,
				FB96EB9100000018 /* brown_noise_deep.mp3 */,
				FB96EB9100000019 /* morning_birds.mp3 */,
				FB96EB910000001A /* winter_forest.mp3 */,
				FB96EB910000001B /* serene_morning.mp3 */,
				FB96EB910000001C /* rain_storm.mp3 */,
				FB96EB910000001D /* wind_ambient.mp3 */,
				FB96EB910000001E /* campfire.mp3 */,
				FB96EB910000001F /* bonfire.mp3 */,
				FB96EB91000000R1 /* Creative Mind.mp3 */,
				FB96EB91000000R2 /* Midnight Calm.mp3 */,
				FB96EB91000000R3 /* Ocean Lullaby.mp3 */,
				FB96EB91000000R4 /* Deep Focus Flow.mp3 */,
				FB96EB91000000R5 /* Starlit Sky.mp3 */,
				FB96EB91000000R6 /* Forest Sanctuary.mp3 */,
				FB96EB91000000R7 /* cinematic_piano.mp3 */,
				FB96EB91000000R8 /* rainforest.mp3 */,
				FB96EB91000000R9 /* thunder.mp3 */,
				FB96EB91000000RA /* castle_wind.mp3 */,
				FB96EB91000000RB /* meadow.mp3 */,
				FB96EB91000000RC /* heavy_thunder.mp3 */,
				FB96EB91000000RD /* night_wildlife.mp3 */,
				FB96EB91000000RE /* spring_birds.mp3 */,
				FB96EB91000000RF /* calm_ocean.mp3 */,
				FB96EB91000000RG /* ambient_melody.mp3 */,
			);
			path = Sounds;
			sourceTree = "<group>";
		};
		FB96EB9100000049 /* Entities */ = {
			isa = PBXGroup;
			children = (
				FB96EB91000000B1 /* Sound.swift */,
				FB96EB91000000E1 /* ActiveSound.swift */,
				FB96EB91000000H2 /* SleepTimer.swift */,
				FB96EB91000000J2 /* SavedMix.swift */,
				FB96EB91000000K2 /* Story.swift */,
				FB96EB91000000L2 /* BinauralBeat.swift */,
				FB96EB91000000M2 /* Alarm.swift */,
				FB96EB91000000N2 /* CommunityMix.swift */,
				FB96EB91000000O2 /* AdaptiveMode.swift */,
				FB96EB91000000P2 /* SleepInsight.swift */,
				FB96EB91BUDDY002 /* SleepBuddy.swift */,
			);
			path = Entities;
			sourceTree = "<group>";
		};
		FB96EB910000004A /* Repositories */ = {
			isa = PBXGroup;
			children = (
				FB96EB91000000B2 /* SoundRepositoryProtocol.swift */,
			);
			path = Repositories;
			sourceTree = "<group>";
		};
		FB96EB910000004B /* UseCases */ = {
			isa = PBXGroup;
			children = (
			);
			path = UseCases;
			sourceTree = "<group>";
		};
		FB96EB910000004C /* Repositories */ = {
			isa = PBXGroup;
			children = (
				FB96EB91000000B4 /* SoundRepository.swift */,
			);
			path = Repositories;
			sourceTree = "<group>";
		};
		FB96EB910000004D /* DataSources */ = {
			isa = PBXGroup;
			children = (
				FB96EB91000000B3 /* LocalSoundDataSource.swift */,
				FB96EB91000000K4 /* LocalStoryDataSource.swift */,
				FB96EB91000000N4 /* LocalCommunityDataSource.swift */,
			);
			path = DataSources;
			sourceTree = "<group>";
		};
		FB96EB910000004E /* Models */ = {
			isa = PBXGroup;
			children = (
			);
			path = Models;
			sourceTree = "<group>";
		};
		FB96EB910000004F /* Sounds */ = {
			isa = PBXGroup;
			children = (
				FB96EB91000000C1 /* Views */,
				FB96EB91000000C2 /* ViewModels */,
			);
			path = Sounds;
			sourceTree = "<group>";
		};
		FB96EB9100000050 /* Mixer */ = {
			isa = PBXGroup;
			children = (
				FB96EB91000000F7 /* Views */,
			);
			path = Mixer;
			sourceTree = "<group>";
		};
		FB96EB9100000051 /* Timer */ = {
			isa = PBXGroup;
			children = (
				FB96EB91000000H7 /* Views */,
			);
			path = Timer;
			sourceTree = "<group>";
		};
		FB96EB9100000052 /* Favorites */ = {
			isa = PBXGroup;
			children = (
				FB96EB91000000I5 /* Views */,
			);
			path = Favorites;
			sourceTree = "<group>";
		};
		FB96EB9100000053 /* SavedMixes */ = {
			isa = PBXGroup;
			children = (
				FB96EB91000000JB /* Views */,
			);
			path = SavedMixes;
			sourceTree = "<group>";
		};
		FB96EB9100000054 /* Components */ = {
			isa = PBXGroup;
			children = (
				FB96EB91000000G2 /* NowPlayingBarView.swift */,
				FB96EB91000000S8 /* OLEDBackgroundModifier.swift */,
				FB96EB91SHEEN002 /* ReflectiveSheenModifier.swift */,
				FB96EB91ASMR0002 /* ASMRInfoView.swift */,
				FB96EB91VIZ00009 /* Visualization */,
			);
			path = Components;
			sourceTree = "<group>";
		};
		FB96EB91000000C1 /* Views */ = {
			isa = PBXGroup;
			children = (
				FB96EB91000000B6 /* SoundsView.swift */,
				FB96EB91000000B7 /* SoundCardView.swift */,
				FB96EB91000000B8 /* CategoryFilterView.swift */,
			);
			path = Views;
			sourceTree = "<group>";
		};
		FB96EB91000000C2 /* ViewModels */ = {
			isa = PBXGroup;
			children = (
				FB96EB91000000B5 /* SoundsViewModel.swift */,
			);
			path = ViewModels;
			sourceTree = "<group>";
		};
		FB96EB91000000F1 /* Protocols */ = {
			isa = PBXGroup;
			children = (
				FB96EB91000000E2 /* AudioPlayerProtocol.swift */,
			);
			path = Protocols;
			sourceTree = "<group>";
		};
		FB96EB91000000F2 /* Services */ = {
			isa = PBXGroup;
			children = (
				FB96EB91000000E3 /* AudioEngine.swift */,
				FB96EB91000000H4 /* SleepTimerService.swift */,
				FB96EB91000000I2 /* FavoritesService.swift */,
				FB96EB91000000J4 /* SavedMixesService.swift */,
				FB96EB91000000K6 /* StoryProgressService.swift */,
				FB96EB91000000L4 /* BinauralBeatEngine.swift */,
				FB96EB91000000M4 /* AlarmService.swift */,
				FB96EB91000000O4 /* AdaptiveSessionService.swift */,
				FB96EB91000000P4 /* InsightsService.swift */,
				FB96EB91000000AB /* AnalyticsService.swift */,
				FB96EB91000000AD /* ReviewPromptService.swift */,
				FB96EB91000000S2 /* AppearanceService.swift */,
				FB96EB91MOTION02 /* MotionService.swift */,
				FB96EB91WDGT0013 /* WidgetSharedState.swift */,
				FB96EB91BUDDY004 /* SleepBuddyService.swift */,
			);
			path = Services;
			sourceTree = "<group>";
		};
		FB96EB91000000F7 /* Views */ = {
			isa = PBXGroup;
			children = (
				FB96EB91000000F4 /* MixerView.swift */,
				FB96EB91000000F6 /* MixerSoundRowView.swift */,
			);
			path = Views;
			sourceTree = "<group>";
		};
		FB96EB91000000H7 /* Views */ = {
			isa = PBXGroup;
			children = (
				FB96EB91000000H6 /* SleepTimerView.swift */,
			);
			path = Views;
			sourceTree = "<group>";
		};
		FB96EB91000000I5 /* Views */ = {
			isa = PBXGroup;
			children = (
				FB96EB91000000I4 /* FavoritesView.swift */,
			);
			path = Views;
			sourceTree = "<group>";
		};
		FB96EB91000000JB /* Views */ = {
			isa = PBXGroup;
			children = (
				FB96EB91000000J6 /* SavedMixesView.swift */,
				FB96EB91000000J8 /* SavedMixRowView.swift */,
				FB96EB91000000JA /* SaveMixSheet.swift */,
			);
			path = Views;
			sourceTree = "<group>";
		};
		FB96EB91000000KJ /* Stories */ = {
			isa = PBXGroup;
			children = (
				FB96EB91000000KK /* Views */,
			);
			path = Stories;
			sourceTree = "<group>";
		};
		FB96EB91000000KK /* Views */ = {
			isa = PBXGroup;
			children = (
				FB96EB91000000K8 /* StoriesView.swift */,
				FB96EB91000000KA /* StoryCardView.swift */,
				FB96EB91000000KC /* StoryPlayerView.swift */,
				FB96EB91000000KE /* FeaturedStoryBanner.swift */,
				FB96EB91000000KG /* StoryCategoryFilterView.swift */,
				FB96EB91000000KI /* StorySectionView.swift */,
			);
			path = Views;
			sourceTree = "<group>";
		};
		FB96EB91000000LL /* BinauralBeats */ = {
			isa = PBXGroup;
			children = (
				FB96EB91000000LM /* Views */,
			);
			path = BinauralBeats;
			sourceTree = "<group>";
		};
		FB96EB91000000LM /* Views */ = {
			isa = PBXGroup;
			children = (
				FB96EB91000000L6 /* BinauralBeatsView.swift */,
			);
			path = Views;
			sourceTree = "<group>";
		};
		FB96EB91000000MF /* Alarms */ = {
			isa = PBXGroup;
			children = (
				FB96EB91000000MG /* Views */,
			);
			path = Alarms;
			sourceTree = "<group>";
		};
		FB96EB91000000MG /* Views */ = {
			isa = PBXGroup;
			children = (
				FB96EB91000000M6 /* AlarmsView.swift */,
				FB96EB91000000M8 /* AlarmRowView.swift */,
				FB96EB91000000MA /* AlarmDetailView.swift */,
				FB96EB91000000MC /* WeekdaySelector.swift */,
				FB96EB91000000ME /* SoundPickerView.swift */,
			);
			path = Views;
			sourceTree = "<group>";
		};
		FB96EB91000000NH /* Discover */ = {
			isa = PBXGroup;
			children = (
				FB96EB91000000NI /* Views */,
			);
			path = Discover;
			sourceTree = "<group>";
		};
		FB96EB91000000NI /* Views */ = {
			isa = PBXGroup;
			children = (
				FB96EB91000000N6 /* DiscoverView.swift */,
				FB96EB91000000N8 /* CommunityCategoryFilterView.swift */,
				FB96EB91000000NA /* CommunityMixCardView.swift */,
				FB96EB91000000NC /* FeaturedMixBanner.swift */,
				FB96EB91000000NE /* MixDetailView.swift */,
				FB96EB91000000NG /* MixSectionView.swift */,
			);
			path = Views;
			sourceTree = "<group>";
		};
		FB96EB91000000OD /* Adaptive */ = {
			isa = PBXGroup;
			children = (
				FB96EB91000000OE /* Views */,
			);
			path = Adaptive;
			sourceTree = "<group>";
		};
		FB96EB91000000OE /* Views */ = {
			isa = PBXGroup;
			children = (
				FB96EB91000000O6 /* AdaptiveView.swift */,
				FB96EB91000000O8 /* AdaptiveModeCardView.swift */,
				FB96EB91000000OA /* PhasePreviewView.swift */,
				FB96EB91000000OC /* ActiveAdaptiveSessionView.swift */,
			);
			path = Views;
			sourceTree = "<group>";
		};
		FB96EB91000000PJ /* Insights */ = {
			isa = PBXGroup;
			children = (
				FB96EB91000000PK /* Views */,
			);
			path = Insights;
			sourceTree = "<group>";
		};
		FB96EB91000000PK /* Views */ = {
			isa = PBXGroup;
			children = (
				FB96EB91000000P6 /* InsightsView.swift */,
				FB96EB91000000P8 /* WeeklySleepChartView.swift */,
				FB96EB91000000PA /* MetricsGridView.swift */,
				FB96EB91000000PC /* TopSoundsView.swift */,
				FB96EB91000000PE /* RecommendationsView.swift */,
				FB96EB91000000PG /* SleepGoalView.swift */,
				FB96EB91000000PI /* UsageStatisticsView.swift */,
			);
			path = Views;
			sourceTree = "<group>";
		};
		FB96EB91000000SA /* Settings */ = {
			isa = PBXGroup;
			children = (
				FB96EB91000000SB /* Views */,
			);
			path = Settings;
			sourceTree = "<group>";
		};
		FB96EB91000000SB /* Views */ = {
			isa = PBXGroup;
			children = (
				FB96EB91000000S4 /* SettingsView.swift */,
				FB96EB91000000S6 /* AppearanceSettingsView.swift */,
			);
			path = Views;
			sourceTree = "<group>";
		};
		FB96EB91000000Y1 /* Tests */ = {
			isa = PBXGroup;
			children = (
				FB96EB91000000U1 /* SleepTimerServiceTests.swift */,
				FB96EB91000000U2 /* InsightsServiceTests.swift */,
				FB96EB91000000U3 /* AudioEngineTests.swift */,
				FB96EB91000000U4 /* FavoritesServiceTests.swift */,
				FB96EB91000000U5 /* SavedMixesServiceTests.swift */,
				FB96EB91000000U6 /* BinauralBeatEngineTests.swift */,
				FB96EB91000000U7 /* AlarmServiceTests.swift */,
				FB96EB91000000U8 /* AlarmTests.swift */,
			);
			path = Tests;
			sourceTree = "<group>";
		};
		FB96EB91BUDDY00B /* SleepBuddy */ = {
			isa = PBXGroup;
			children = (
				FB96EB91BUDDY00C /* Views */,
			);
			path = SleepBuddy;
			sourceTree = "<group>";
		};
		FB96EB91BUDDY00C /* Views */ = {
			isa = PBXGroup;
			children = (
				FB96EB91BUDDY006 /* SleepBuddyView.swift */,
				FB96EB91BUDDY008 /* InviteBuddyView.swift */,
				FB96EB91BUDDY00A /* BuddyStatusCard.swift */,
			);
			path = Views;
			sourceTree = "<group>";
		};
		FB96EB91SIRI0011 /* Intents */ = {
			isa = PBXGroup;
			children = (
				FB96EB91SIRI0002 /* ServiceContainer.swift */,
				FB96EB91SIRI0004 /* StartSleepMixIntent.swift */,
				FB96EB91SIRI0006 /* SavedMixEntity.swift */,
				FB96EB91SIRI0008 /* PlaySavedMixIntent.swift */,
				FB96EB91SIRI000A /* SetSleepTimerIntent.swift */,
				FB96EB91SIRI0012 /* SleepTimerDuration.swift */,
				FB96EB91SIRI000C /* StopSoundsIntent.swift */,
				FB96EB91SIRI000E /* ResumeSoundsIntent.swift */,
				FB96EB91SIRI0010 /* SoundScapeShortcuts.swift */,
			);
			path = Intents;
			sourceTree = "<group>";
		};
		FB96EB91VIZ00009 /* Visualization */ = {
			isa = PBXGroup;
			children = (
				FB96EB91VIZ00002 /* VisualizationType.swift */,
				FB96EB91VIZ00004 /* WaveLayer.swift */,
				FB96EB91VIZ00006 /* ParticleLayer.swift */,
				FB96EB91VIZ00008 /* LiquidVisualizationView.swift */,
			);
			path = Visualization;
			sourceTree = "<group>";
		};
		FB96EB91WDGT0070 /* SoundScapeWidget */ = {
			isa = PBXGroup;
			children = (
				FB96EB91WDGT0011 /* SoundScapeWidgetBundle.swift */,
				FB96EB91WDGT0012 /* StandByWidget.swift */,
				FB96EB91CTRL0002 /* SoundScapeControl.swift */,
				FB96EB91WDGT0010 /* WidgetSharedState.swift */,
				FB96EB91WDGT0014 /* Info.plist */,
				FB96EB91WDGT0015 /* SoundScapeWidget.entitlements */,
			);
			path = SoundScapeWidget;
			sourceTree = "<group>";
		};
/* End PBXGroup section */

/* Begin PBXNativeTarget section */
		FB96EB9100000060 /* SoundScape */ = {
			isa = PBXNativeTarget;
			buildConfigurationList = FB96EB9100000070 /* Build configuration list for PBXNativeTarget "SoundScape" */;
			buildPhases = (
				FB96EB9100000061 /* Sources */,
				FB96EB9100000030 /* Frameworks */,
				FB96EB9100000062 /* Resources */,
				FB96EB91WDGT0050 /* Embed Foundation Extensions */,
			);
			buildRules = (
			);
			dependencies = (
				FB96EB91WDGT0031 /* PBXTargetDependency */,
			);
			name = SoundScape;
			packageProductDependencies = (
				FB96EB91000000AF /* FirebaseAnalytics */,
			);
			productName = SoundScape;
			productReference = FB96EB9100000020 /* SoundScape.app */;
			productType = "com.apple.product-type.application";
		};
		FB96EB91000000Z1 /* SoundScapeTests */ = {
			isa = PBXNativeTarget;
			buildConfigurationList = FB96EB91000000Z5 /* Build configuration list for PBXNativeTarget "SoundScapeTests" */;
			buildPhases = (
				FB96EB91000000Z2 /* Sources */,
				FB96EB91000000X1 /* Frameworks */,
			);
			buildRules = (
			);
			dependencies = (
				FB96EB91000000Z4 /* PBXTargetDependency */,
			);
			name = SoundScapeTests;
			productName = SoundScapeTests;
			productReference = FB96EB91000000V1 /* SoundScapeTests.xctest */;
			productType = "com.apple.product-type.bundle.unit-test";
		};
		FB96EB91WDGT0040 /* SoundScapeWidgetExtension */ = {
			isa = PBXNativeTarget;
			buildConfigurationList = FB96EB91WDGT0080 /* Build configuration list for PBXNativeTarget "SoundScapeWidgetExtension" */;
			buildPhases = (
				FB96EB91WDGT0041 /* Sources */,
				FB96EB91WDGT0060 /* Frameworks */,
				FB96EB91WDGT0042 /* Resources */,
			);
			buildRules = (
			);
			dependencies = (
			);
			name = SoundScapeWidgetExtension;
			productName = SoundScapeWidgetExtension;
			productReference = FB96EB91WDGT0020 /* SoundScapeWidgetExtension.appex */;
			productType = "com.apple.product-type.app-extension";
		};
/* End PBXNativeTarget section */

/* Begin PBXProject section */
		FB96EB9100000080 /* Project object */ = {
			isa = PBXProject;
			attributes = {
				BuildIndependentTargetsInParallel = 1;
				LastSwiftUpdateCheck = 1500;
				LastUpgradeCheck = 1500;
				TargetAttributes = {
					FB96EB9100000060 = {
						CreatedOnToolsVersion = 15.0;
					};
					FB96EB91000000Z1 = {
						CreatedOnToolsVersion = 15.0;
						TestTargetID = FB96EB9100000060;
					};
					FB96EB91WDGT0040 = {
						CreatedOnToolsVersion = 15.0;
					};
				};
			};
			buildConfigurationList = FB96EB9100000081 /* Build configuration list for PBXProject "SoundScape" */;
			compatibilityVersion = "Xcode 14.0";
			developmentRegion = en;
			hasScannedForEncodings = 0;
			knownRegions = (
				en,
				Base,
			);
			mainGroup = FB96EB9100000040;
			packageReferences = (
				FB96EB91000000AG /* XCRemoteSwiftPackageReference "firebase-ios-sdk" */,
			);
			productRefGroup = FB96EB9100000043 /* Products */;
			projectDirPath = "";
			projectRoot = "";
			targets = (
				FB96EB9100000060 /* SoundScape */,
				FB96EB91000000Z1 /* SoundScapeTests */,
				FB96EB91WDGT0040 /* SoundScapeWidgetExtension */,
			);
		};
/* End PBXProject section */

/* Begin PBXResourcesBuildPhase section */
		FB96EB9100000062 /* Resources */ = {
			isa = PBXResourcesBuildPhase;
			buildActionMask = 2147483647;
			files = (
				FB96EB9100000003 /* Assets.xcassets in Resources */,
				FB96EB9100000004 /* GoogleService-Info.plist in Resources */,
				FB96EB9100000005 /* white_noise.mp3 in Resources */,
				FB96EB9100000006 /* pink_noise.mp3 in Resources */,
				FB96EB9100000007 /* brown_noise.mp3 in Resources */,
				FB96EB9100000008 /* brown_noise_deep.mp3 in Resources */,
				FB96EB9100000009 /* morning_birds.mp3 in Resources */,
				FB96EB910000000A /* winter_forest.mp3 in Resources */,
				FB96EB910000000B /* serene_morning.mp3 in Resources */,
				FB96EB910000000C /* rain_storm.mp3 in Resources */,
				FB96EB910000000D /* wind_ambient.mp3 in Resources */,
				FB96EB910000000E /* campfire.mp3 in Resources */,
				FB96EB910000000F /* bonfire.mp3 in Resources */,
				FB96EB91000000Q1 /* Creative Mind.mp3 in Resources */,
				FB96EB91000000Q2 /* Midnight Calm.mp3 in Resources */,
				FB96EB91000000Q3 /* Ocean Lullaby.mp3 in Resources */,
				FB96EB91000000Q4 /* Deep Focus Flow.mp3 in Resources */,
				FB96EB91000000Q5 /* Starlit Sky.mp3 in Resources */,
				FB96EB91000000Q6 /* Forest Sanctuary.mp3 in Resources */,
				FB96EB91000000Q7 /* cinematic_piano.mp3 in Resources */,
				FB96EB91000000Q8 /* rainforest.mp3 in Resources */,
				FB96EB91000000Q9 /* thunder.mp3 in Resources */,
				FB96EB91000000QA /* castle_wind.mp3 in Resources */,
				FB96EB91000000QB /* meadow.mp3 in Resources */,
				FB96EB91000000QC /* heavy_thunder.mp3 in Resources */,
				FB96EB91000000QD /* night_wildlife.mp3 in Resources */,
				FB96EB91000000QE /* spring_birds.mp3 in Resources */,
				FB96EB91000000QF /* calm_ocean.mp3 in Resources */,
				FB96EB91000000QG /* ambient_melody.mp3 in Resources */,
			);
			runOnlyForDeploymentPostprocessing = 0;
		};
		FB96EB91WDGT0042 /* Resources */ = {
			isa = PBXResourcesBuildPhase;
			buildActionMask = 2147483647;
			files = (
			);
			runOnlyForDeploymentPostprocessing = 0;
		};
/* End PBXResourcesBuildPhase section */

/* Begin PBXSourcesBuildPhase section */
		FB96EB9100000061 /* Sources */ = {
			isa = PBXSourcesBuildPhase;
			buildActionMask = 2147483647;
			files = (
				FB96EB9100000001 /* SoundScapeApp.swift in Sources */,
				FB96EB9100000002 /* ContentView.swift in Sources */,
				FB96EB91000000A1 /* Sound.swift in Sources */,
				FB96EB91000000A2 /* SoundRepositoryProtocol.swift in Sources */,
				FB96EB91000000A3 /* LocalSoundDataSource.swift in Sources */,
				FB96EB91000000A4 /* SoundRepository.swift in Sources */,
				FB96EB91000000A5 /* SoundsViewModel.swift in Sources */,
				FB96EB91000000A6 /* SoundsView.swift in Sources */,
				FB96EB91000000A7 /* SoundCardView.swift in Sources */,
				FB96EB91000000A8 /* CategoryFilterView.swift in Sources */,
				FB96EB91000000D1 /* ActiveSound.swift in Sources */,
				FB96EB91000000D2 /* AudioPlayerProtocol.swift in Sources */,
				FB96EB91000000D3 /* AudioEngine.swift in Sources */,
				FB96EB91000000F3 /* MixerView.swift in Sources */,
				FB96EB91000000F5 /* MixerSoundRowView.swift in Sources */,
				FB96EB91000000G1 /* NowPlayingBarView.swift in Sources */,
				FB96EB91000000H1 /* SleepTimer.swift in Sources */,
				FB96EB91000000H3 /* SleepTimerService.swift in Sources */,
				FB96EB91000000H5 /* SleepTimerView.swift in Sources */,
				FB96EB91000000I1 /* FavoritesService.swift in Sources */,
				FB96EB91000000I3 /* FavoritesView.swift in Sources */,
				FB96EB91000000J1 /* SavedMix.swift in Sources */,
				FB96EB91000000J3 /* SavedMixesService.swift in Sources */,
				FB96EB91000000J5 /* SavedMixesView.swift in Sources */,
				FB96EB91000000J7 /* SavedMixRowView.swift in Sources */,
				FB96EB91000000J9 /* SaveMixSheet.swift in Sources */,
				FB96EB91000000K1 /* Story.swift in Sources */,
				FB96EB91000000K3 /* LocalStoryDataSource.swift in Sources */,
				FB96EB91000000K5 /* StoryProgressService.swift in Sources */,
				FB96EB91000000K7 /* StoriesView.swift in Sources */,
				FB96EB91000000K9 /* StoryCardView.swift in Sources */,
				FB96EB91000000KB /* StoryPlayerView.swift in Sources */,
				FB96EB91000000KD /* FeaturedStoryBanner.swift in Sources */,
				FB96EB91000000KF /* StoryCategoryFilterView.swift in Sources */,
				FB96EB91000000KH /* StorySectionView.swift in Sources */,
				FB96EB91000000L1 /* BinauralBeat.swift in Sources */,
				FB96EB91000000L3 /* BinauralBeatEngine.swift in Sources */,
				FB96EB91000000L5 /* BinauralBeatsView.swift in Sources */,
				FB96EB91000000M1 /* Alarm.swift in Sources */,
				FB96EB91000000M3 /* AlarmService.swift in Sources */,
				FB96EB91000000M5 /* AlarmsView.swift in Sources */,
				FB96EB91000000M7 /* AlarmRowView.swift in Sources */,
				FB96EB91000000M9 /* AlarmDetailView.swift in Sources */,
				FB96EB91000000MB /* WeekdaySelector.swift in Sources */,
				FB96EB91000000MD /* SoundPickerView.swift in Sources */,
				FB96EB91000000N1 /* CommunityMix.swift in Sources */,
				FB96EB91000000N3 /* LocalCommunityDataSource.swift in Sources */,
				FB96EB91000000N5 /* DiscoverView.swift in Sources */,
				FB96EB91000000N7 /* CommunityCategoryFilterView.swift in Sources */,
				FB96EB91000000N9 /* CommunityMixCardView.swift in Sources */,
				FB96EB91000000NB /* FeaturedMixBanner.swift in Sources */,
				FB96EB91000000ND /* MixDetailView.swift in Sources */,
				FB96EB91000000NF /* MixSectionView.swift in Sources */,
				FB96EB91000000O1 /* AdaptiveMode.swift in Sources */,
				FB96EB91000000O3 /* AdaptiveSessionService.swift in Sources */,
				FB96EB91000000O5 /* AdaptiveView.swift in Sources */,
				FB96EB91000000O7 /* AdaptiveModeCardView.swift in Sources */,
				FB96EB91000000O9 /* PhasePreviewView.swift in Sources */,
				FB96EB91000000OB /* ActiveAdaptiveSessionView.swift in Sources */,
				FB96EB91000000P1 /* SleepInsight.swift in Sources */,
				FB96EB91000000P3 /* InsightsService.swift in Sources */,
				FB96EB91000000P5 /* InsightsView.swift in Sources */,
				FB96EB91000000P7 /* WeeklySleepChartView.swift in Sources */,
				FB96EB91000000P9 /* MetricsGridView.swift in Sources */,
				FB96EB91000000PB /* TopSoundsView.swift in Sources */,
				FB96EB91000000PD /* RecommendationsView.swift in Sources */,
				FB96EB91000000PF /* SleepGoalView.swift in Sources */,
				FB96EB91000000PH /* UsageStatisticsView.swift in Sources */,
				FB96EB91000000AA /* AnalyticsService.swift in Sources */,
				FB96EB91000000AC /* ReviewPromptService.swift in Sources */,
				FB96EB91000000S1 /* AppearanceService.swift in Sources */,
				FB96EB91000000S3 /* SettingsView.swift in Sources */,
				FB96EB91000000S5 /* AppearanceSettingsView.swift in Sources */,
				FB96EB91000000S7 /* OLEDBackgroundModifier.swift in Sources */,
				FB96EB91MOTION01 /* MotionService.swift in Sources */,
				FB96EB91SHEEN001 /* ReflectiveSheenModifier.swift in Sources */,
				FB96EB91VIZ00001 /* VisualizationType.swift in Sources */,
				FB96EB91VIZ00003 /* WaveLayer.swift in Sources */,
				FB96EB91VIZ00005 /* ParticleLayer.swift in Sources */,
				FB96EB91VIZ00007 /* LiquidVisualizationView.swift in Sources */,
				FB96EB91ASMR0001 /* ASMRInfoView.swift in Sources */,
				FB96EB91SIRI0001 /* ServiceContainer.swift in Sources */,
				FB96EB91SIRI0003 /* StartSleepMixIntent.swift in Sources */,
				FB96EB91SIRI0005 /* SavedMixEntity.swift in Sources */,
				FB96EB91SIRI0007 /* PlaySavedMixIntent.swift in Sources */,
				FB96EB91SIRI0009 /* SetSleepTimerIntent.swift in Sources */,
				FB96EB91SIRI000B /* StopSoundsIntent.swift in Sources */,
				FB96EB91SIRI000D /* ResumeSoundsIntent.swift in Sources */,
				FB96EB91SIRI000F /* SoundScapeShortcuts.swift in Sources */,
				FB96EB91SIRI0013 /* SleepTimerDuration.swift in Sources */,
				FB96EB91WDGT0004 /* WidgetSharedState.swift in Sources */,
				FB96EB91BUDDY001 /* SleepBuddy.swift in Sources */,
				FB96EB91BUDDY003 /* SleepBuddyService.swift in Sources */,
				FB96EB91BUDDY005 /* SleepBuddyView.swift in Sources */,
				FB96EB91BUDDY007 /* InviteBuddyView.swift in Sources */,
				FB96EB91BUDDY009 /* BuddyStatusCard.swift in Sources */,
			);
			runOnlyForDeploymentPostprocessing = 0;
		};
		FB96EB91000000Z2 /* Sources */ = {
			isa = PBXSourcesBuildPhase;
			buildActionMask = 2147483647;
			files = (
				FB96EB91000000T1 /* SleepTimerServiceTests.swift in Sources */,
				FB96EB91000000T2 /* InsightsServiceTests.swift in Sources */,
				FB96EB91000000T3 /* AudioEngineTests.swift in Sources */,
				FB96EB91000000T4 /* FavoritesServiceTests.swift in Sources */,
				FB96EB91000000T5 /* SavedMixesServiceTests.swift in Sources */,
				FB96EB91000000T6 /* BinauralBeatEngineTests.swift in Sources */,
				FB96EB91000000T7 /* AlarmServiceTests.swift in Sources */,
				FB96EB91000000T8 /* AlarmTests.swift in Sources */,
			);
			runOnlyForDeploymentPostprocessing = 0;
		};
		FB96EB91WDGT0041 /* Sources */ = {
			isa = PBXSourcesBuildPhase;
			buildActionMask = 2147483647;
			files = (
				FB96EB91WDGT0002 /* SoundScapeWidgetBundle.swift in Sources */,
				FB96EB91WDGT0003 /* StandByWidget.swift in Sources */,
				FB96EB91CTRL0001 /* SoundScapeControl.swift in Sources */,
				FB96EB91WDGT0001 /* WidgetSharedState.swift in Sources */,
			);
			runOnlyForDeploymentPostprocessing = 0;
		};
/* End PBXSourcesBuildPhase section */

/* Begin PBXTargetDependency section */
		FB96EB91000000Z4 /* PBXTargetDependency */ = {
			isa = PBXTargetDependency;
			target = FB96EB9100000060 /* SoundScape */;
			targetProxy = FB96EB91000000W1 /* PBXContainerItemProxy */;
		};
		FB96EB91WDGT0031 /* PBXTargetDependency */ = {
			isa = PBXTargetDependency;
			target = FB96EB91WDGT0040 /* SoundScapeWidgetExtension */;
			targetProxy = FB96EB91WDGT0030 /* PBXContainerItemProxy */;
		};
/* End PBXTargetDependency section */

/* Begin XCBuildConfiguration section */
		FB96EB9100000090 /* Debug */ = {
			isa = XCBuildConfiguration;
			buildSettings = {
				ALWAYS_SEARCH_USER_PATHS = NO;
				ASSETCATALOG_COMPILER_GENERATE_SWIFT_ASSET_SYMBOL_EXTENSIONS = YES;
				CLANG_ANALYZER_NONNULL = YES;
				CLANG_ANALYZER_NUMBER_OBJECT_CONVERSION = YES_AGGRESSIVE;
				CLANG_CXX_LANGUAGE_STANDARD = "gnu++20";
				CLANG_ENABLE_MODULES = YES;
				CLANG_ENABLE_OBJC_ARC = YES;
				CLANG_ENABLE_OBJC_WEAK = YES;
				CLANG_WARN_BLOCK_CAPTURE_AUTORELEASING = YES;
				CLANG_WARN_BOOL_CONVERSION = YES;
				CLANG_WARN_COMMA = YES;
				CLANG_WARN_CONSTANT_CONVERSION = YES;
				CLANG_WARN_DEPRECATED_OBJC_IMPLEMENTATIONS = YES;
				CLANG_WARN_DIRECT_OBJC_ISA_USAGE = YES_ERROR;
				CLANG_WARN_DOCUMENTATION_COMMENTS = YES;
				CLANG_WARN_EMPTY_BODY = YES;
				CLANG_WARN_ENUM_CONVERSION = YES;
				CLANG_WARN_INFINITE_RECURSION = YES;
				CLANG_WARN_INT_CONVERSION = YES;
				CLANG_WARN_NON_LITERAL_NULL_CONVERSION = YES;
				CLANG_WARN_OBJC_IMPLICIT_RETAIN_SELF = YES;
				CLANG_WARN_OBJC_LITERAL_CONVERSION = YES;
				CLANG_WARN_OBJC_ROOT_CLASS = YES_ERROR;
				CLANG_WARN_QUOTED_INCLUDE_IN_FRAMEWORK_HEADER = YES;
				CLANG_WARN_RANGE_LOOP_ANALYSIS = YES;
				CLANG_WARN_STRICT_PROTOTYPES = YES;
				CLANG_WARN_SUSPICIOUS_MOVE = YES;
				CLANG_WARN_UNGUARDED_AVAILABILITY = YES_AGGRESSIVE;
				CLANG_WARN_UNREACHABLE_CODE = YES;
				CLANG_WARN__DUPLICATE_METHOD_MATCH = YES;
				COPY_PHASE_STRIP = NO;
				DEBUG_INFORMATION_FORMAT = dwarf;
				ENABLE_STRICT_OBJC_MSGSEND = YES;
				ENABLE_TESTABILITY = YES;
				ENABLE_USER_SCRIPT_SANDBOXING = YES;
				GCC_C_LANGUAGE_STANDARD = gnu17;
				GCC_DYNAMIC_NO_PIC = NO;
				GCC_NO_COMMON_BLOCKS = YES;
				GCC_OPTIMIZATION_LEVEL = 0;
				GCC_PREPROCESSOR_DEFINITIONS = (
					"DEBUG=1",
					"$(inherited)",
				);
				GCC_WARN_64_TO_32_BIT_CONVERSION = YES;
				GCC_WARN_ABOUT_RETURN_TYPE = YES_ERROR;
				GCC_WARN_UNDECLARED_SELECTOR = YES;
				GCC_WARN_UNINITIALIZED_AUTOS = YES_AGGRESSIVE;
				GCC_WARN_UNUSED_FUNCTION = YES;
				GCC_WARN_UNUSED_VARIABLE = YES;
				IPHONEOS_DEPLOYMENT_TARGET = 17.0;
				LOCALIZATION_PREFERS_STRING_CATALOGS = YES;
				MTL_ENABLE_DEBUG_INFO = INCLUDE_SOURCE;
				MTL_FAST_MATH = YES;
				ONLY_ACTIVE_ARCH = YES;
				SDKROOT = iphoneos;
				SWIFT_ACTIVE_COMPILATION_CONDITIONS = "DEBUG $(inherited)";
				SWIFT_OPTIMIZATION_LEVEL = "-Onone";
			};
			name = Debug;
		};
		FB96EB9100000091 /* Release */ = {
			isa = XCBuildConfiguration;
			buildSettings = {
				ALWAYS_SEARCH_USER_PATHS = NO;
				ASSETCATALOG_COMPILER_GENERATE_SWIFT_ASSET_SYMBOL_EXTENSIONS = YES;
				CLANG_ANALYZER_NONNULL = YES;
				CLANG_ANALYZER_NUMBER_OBJECT_CONVERSION = YES_AGGRESSIVE;
				CLANG_CXX_LANGUAGE_STANDARD = "gnu++20";
				CLANG_ENABLE_MODULES = YES;
				CLANG_ENABLE_OBJC_ARC = YES;
				CLANG_ENABLE_OBJC_WEAK = YES;
				CLANG_WARN_BLOCK_CAPTURE_AUTORELEASING = YES;
				CLANG_WARN_BOOL_CONVERSION = YES;
				CLANG_WARN_COMMA = YES;
				CLANG_WARN_CONSTANT_CONVERSION = YES;
				CLANG_WARN_DEPRECATED_OBJC_IMPLEMENTATIONS = YES;
				CLANG_WARN_DIRECT_OBJC_ISA_USAGE = YES_ERROR;
				CLANG_WARN_DOCUMENTATION_COMMENTS = YES;
				CLANG_WARN_EMPTY_BODY = YES;
				CLANG_WARN_ENUM_CONVERSION = YES;
				CLANG_WARN_INFINITE_RECURSION = YES;
				CLANG_WARN_INT_CONVERSION = YES;
				CLANG_WARN_NON_LITERAL_NULL_CONVERSION = YES;
				CLANG_WARN_OBJC_IMPLICIT_RETAIN_SELF = YES;
				CLANG_WARN_OBJC_LITERAL_CONVERSION = YES;
				CLANG_WARN_OBJC_ROOT_CLASS = YES_ERROR;
				CLANG_WARN_QUOTED_INCLUDE_IN_FRAMEWORK_HEADER = YES;
				CLANG_WARN_RANGE_LOOP_ANALYSIS = YES;
				CLANG_WARN_STRICT_PROTOTYPES = YES;
				CLANG_WARN_SUSPICIOUS_MOVE = YES;
				CLANG_WARN_UNGUARDED_AVAILABILITY = YES_AGGRESSIVE;
				CLANG_WARN_UNREACHABLE_CODE = YES;
				CLANG_WARN__DUPLICATE_METHOD_MATCH = YES;
				COPY_PHASE_STRIP = NO;
				DEBUG_INFORMATION_FORMAT = "dwarf-with-dsym";
				ENABLE_NS_ASSERTIONS = NO;
				ENABLE_STRICT_OBJC_MSGSEND = YES;
				ENABLE_USER_SCRIPT_SANDBOXING = YES;
				GCC_C_LANGUAGE_STANDARD = gnu17;
				GCC_NO_COMMON_BLOCKS = YES;
				GCC_WARN_64_TO_32_BIT_CONVERSION = YES;
				GCC_WARN_ABOUT_RETURN_TYPE = YES_ERROR;
				GCC_WARN_UNDECLARED_SELECTOR = YES;
				GCC_WARN_UNINITIALIZED_AUTOS = YES_AGGRESSIVE;
				GCC_WARN_UNUSED_FUNCTION = YES;
				GCC_WARN_UNUSED_VARIABLE = YES;
				IPHONEOS_DEPLOYMENT_TARGET = 17.0;
				LOCALIZATION_PREFERS_STRING_CATALOGS = YES;
				MTL_ENABLE_DEBUG_INFO = NO;
				MTL_FAST_MATH = YES;
				SDKROOT = iphoneos;
				SWIFT_COMPILATION_MODE = wholemodule;
				VALIDATE_PRODUCT = YES;
			};
			name = Release;
		};
		FB96EB9100000092 /* Debug */ = {
			isa = XCBuildConfiguration;
			buildSettings = {
				ALWAYS_EMBED_SWIFT_STANDARD_LIBRARIES = YES;
				ASSETCATALOG_COMPILER_APPICON_NAME = AppIcon;
				ASSETCATALOG_COMPILER_GLOBAL_ACCENT_COLOR_NAME = AccentColor;
				CODE_SIGN_ENTITLEMENTS = SoundScape.entitlements;
				CODE_SIGN_STYLE = Automatic;
				CURRENT_PROJECT_VERSION = 1;
				DEVELOPMENT_TEAM = 5C6693YG48;
				ENABLE_PREVIEWS = YES;
				GENERATE_INFOPLIST_FILE = NO;
				INFOPLIST_FILE = Resources/Info.plist;
				INFOPLIST_KEY_CFBundleDisplayName = SoundScape;
				INFOPLIST_KEY_UIApplicationSceneManifest_Generation = YES;
				INFOPLIST_KEY_UIApplicationSupportsIndirectInputEvents = YES;
				INFOPLIST_KEY_UILaunchScreen_Generation = YES;
				INFOPLIST_KEY_UISupportedInterfaceOrientations = UIInterfaceOrientationPortrait;
				LD_RUNPATH_SEARCH_PATHS = (
					"$(inherited)",
					"@executable_path/Frameworks",
				);
				MARKETING_VERSION = 1.2;
				PRODUCT_BUNDLE_IDENTIFIER = com.StudioNext.SoundScape;
				PRODUCT_NAME = "$(TARGET_NAME)";
				SUPPORTED_PLATFORMS = "iphoneos iphonesimulator";
				SUPPORTS_MACCATALYST = NO;
				SUPPORTS_MAC_DESIGNED_FOR_IPHONE_IPAD = NO;
				SWIFT_EMIT_LOC_STRINGS = YES;
				SWIFT_VERSION = 5.0;
				TARGETED_DEVICE_FAMILY = 1;
			};
			name = Debug;
		};
		FB96EB9100000093 /* Release */ = {
			isa = XCBuildConfiguration;
			buildSettings = {
				ALWAYS_EMBED_SWIFT_STANDARD_LIBRARIES = YES;
				ASSETCATALOG_COMPILER_APPICON_NAME = AppIcon;
				ASSETCATALOG_COMPILER_GLOBAL_ACCENT_COLOR_NAME = AccentColor;
				CODE_SIGN_ENTITLEMENTS = SoundScape.entitlements;
				CODE_SIGN_STYLE = Automatic;
				CURRENT_PROJECT_VERSION = 1;
				DEVELOPMENT_TEAM = 5C6693YG48;
				ENABLE_PREVIEWS = YES;
				GENERATE_INFOPLIST_FILE = NO;
				INFOPLIST_FILE = Resources/Info.plist;
				INFOPLIST_KEY_CFBundleDisplayName = SoundScape;
				INFOPLIST_KEY_UIApplicationSceneManifest_Generation = YES;
				INFOPLIST_KEY_UIApplicationSupportsIndirectInputEvents = YES;
				INFOPLIST_KEY_UILaunchScreen_Generation = YES;
				INFOPLIST_KEY_UISupportedInterfaceOrientations = UIInterfaceOrientationPortrait;
				LD_RUNPATH_SEARCH_PATHS = (
					"$(inherited)",
					"@executable_path/Frameworks",
				);
				MARKETING_VERSION = 1.2;
				PRODUCT_BUNDLE_IDENTIFIER = com.StudioNext.SoundScape;
				PRODUCT_NAME = "$(TARGET_NAME)";
				SUPPORTED_PLATFORMS = "iphoneos iphonesimulator";
				SUPPORTS_MACCATALYST = NO;
				SUPPORTS_MAC_DESIGNED_FOR_IPHONE_IPAD = NO;
				SWIFT_EMIT_LOC_STRINGS = YES;
				SWIFT_VERSION = 5.0;
				TARGETED_DEVICE_FAMILY = 1;
			};
			name = Release;
		};
		FB96EB91000000Z6 /* Debug */ = {
			isa = XCBuildConfiguration;
			buildSettings = {
				BUNDLE_LOADER = "$(TEST_HOST)";
				CODE_SIGN_STYLE = Automatic;
				CURRENT_PROJECT_VERSION = 1;
				DEVELOPMENT_TEAM = 5C6693YG48;
				GENERATE_INFOPLIST_FILE = YES;
				IPHONEOS_DEPLOYMENT_TARGET = 17.0;
				MARKETING_VERSION = 1.2;
				PRODUCT_BUNDLE_IDENTIFIER = com.StudioNext.SoundScapeTests;
				PRODUCT_NAME = "$(TARGET_NAME)";
				SUPPORTED_PLATFORMS = "iphoneos iphonesimulator";
				SUPPORTS_MACCATALYST = NO;
				SWIFT_EMIT_LOC_STRINGS = NO;
				SWIFT_VERSION = 5.0;
				TARGETED_DEVICE_FAMILY = 1;
				TEST_HOST = "$(BUILT_PRODUCTS_DIR)/SoundScape.app/$(BUNDLE_EXECUTABLE_FOLDER_PATH)/SoundScape";
			};
			name = Debug;
		};
		FB96EB91000000Z7 /* Release */ = {
			isa = XCBuildConfiguration;
			buildSettings = {
				BUNDLE_LOADER = "$(TEST_HOST)";
				CODE_SIGN_STYLE = Automatic;
				CURRENT_PROJECT_VERSION = 1;
				DEVELOPMENT_TEAM = 5C6693YG48;
				GENERATE_INFOPLIST_FILE = YES;
				IPHONEOS_DEPLOYMENT_TARGET = 17.0;
				MARKETING_VERSION = 1.2;
				PRODUCT_BUNDLE_IDENTIFIER = com.StudioNext.SoundScapeTests;
				PRODUCT_NAME = "$(TARGET_NAME)";
				SUPPORTED_PLATFORMS = "iphoneos iphonesimulator";
				SUPPORTS_MACCATALYST = NO;
				SWIFT_EMIT_LOC_STRINGS = NO;
				SWIFT_VERSION = 5.0;
				TARGETED_DEVICE_FAMILY = 1;
				TEST_HOST = "$(BUILT_PRODUCTS_DIR)/SoundScape.app/$(BUNDLE_EXECUTABLE_FOLDER_PATH)/SoundScape";
			};
			name = Release;
		};
		FB96EB91WDGT0081 /* Debug */ = {
			isa = XCBuildConfiguration;
			buildSettings = {
				ASSETCATALOG_COMPILER_GLOBAL_ACCENT_COLOR_NAME = AccentColor;
				CODE_SIGN_ENTITLEMENTS = SoundScapeWidget/SoundScapeWidget.entitlements;
				CODE_SIGN_STYLE = Automatic;
				CURRENT_PROJECT_VERSION = 1;
				DEVELOPMENT_TEAM = 5C6693YG48;
				GENERATE_INFOPLIST_FILE = YES;
				INFOPLIST_FILE = SoundScapeWidget/Info.plist;
				INFOPLIST_KEY_CFBundleDisplayName = "SoundScape Widget";
				INFOPLIST_KEY_NSHumanReadableCopyright = "";
				IPHONEOS_DEPLOYMENT_TARGET = 17.0;
				LD_RUNPATH_SEARCH_PATHS = (
					"$(inherited)",
					"@executable_path/Frameworks",
					"@executable_path/../../Frameworks",
				);
				MARKETING_VERSION = 1.2;
				PRODUCT_BUNDLE_IDENTIFIER = com.StudioNext.SoundScape.SoundScapeWidget;
				PRODUCT_NAME = "$(TARGET_NAME)";
				SKIP_INSTALL = YES;
				SUPPORTED_PLATFORMS = "iphoneos iphonesimulator";
				SUPPORTS_MACCATALYST = NO;
				SWIFT_EMIT_LOC_STRINGS = YES;
				SWIFT_VERSION = 5.0;
				TARGETED_DEVICE_FAMILY = 1;
			};
			name = Debug;
		};
		FB96EB91WDGT0082 /* Release */ = {
			isa = XCBuildConfiguration;
			buildSettings = {
				ASSETCATALOG_COMPILER_GLOBAL_ACCENT_COLOR_NAME = AccentColor;
				CODE_SIGN_ENTITLEMENTS = SoundScapeWidget/SoundScapeWidget.entitlements;
				CODE_SIGN_STYLE = Automatic;
				CURRENT_PROJECT_VERSION = 1;
				DEVELOPMENT_TEAM = 5C6693YG48;
				GENERATE_INFOPLIST_FILE = YES;
				INFOPLIST_FILE = SoundScapeWidget/Info.plist;
				INFOPLIST_KEY_CFBundleDisplayName = "SoundScape Widget";
				INFOPLIST_KEY_NSHumanReadableCopyright = "";
				IPHONEOS_DEPLOYMENT_TARGET = 17.0;
				LD_RUNPATH_SEARCH_PATHS = (
					"$(inherited)",
					"@executable_path/Frameworks",
					"@executable_path/../../Frameworks",
				);
				MARKETING_VERSION = 1.2;
				PRODUCT_BUNDLE_IDENTIFIER = com.StudioNext.SoundScape.SoundScapeWidget;
				PRODUCT_NAME = "$(TARGET_NAME)";
				SKIP_INSTALL = YES;
				SUPPORTED_PLATFORMS = "iphoneos iphonesimulator";
				SUPPORTS_MACCATALYST = NO;
				SWIFT_EMIT_LOC_STRINGS = YES;
				SWIFT_VERSION = 5.0;
				TARGETED_DEVICE_FAMILY = 1;
			};
			name = Release;
		};
/* End XCBuildConfiguration section */

/* Begin XCConfigurationList section */
		FB96EB9100000070 /* Build configuration list for PBXNativeTarget "SoundScape" */ = {
			isa = XCConfigurationList;
			buildConfigurations = (
				FB96EB9100000092 /* Debug */,
				FB96EB9100000093 /* Release */,
			);
			defaultConfigurationIsVisible = 0;
			defaultConfigurationName = Release;
		};
		FB96EB9100000081 /* Build configuration list for PBXProject "SoundScape" */ = {
			isa = XCConfigurationList;
			buildConfigurations = (
				FB96EB9100000090 /* Debug */,
				FB96EB9100000091 /* Release */,
			);
			defaultConfigurationIsVisible = 0;
			defaultConfigurationName = Release;
		};
		FB96EB91000000Z5 /* Build configuration list for PBXNativeTarget "SoundScapeTests" */ = {
			isa = XCConfigurationList;
			buildConfigurations = (
				FB96EB91000000Z6 /* Debug */,
				FB96EB91000000Z7 /* Release */,
			);
			defaultConfigurationIsVisible = 0;
			defaultConfigurationName = Release;
		};
		FB96EB91WDGT0080 /* Build configuration list for PBXNativeTarget "SoundScapeWidgetExtension" */ = {
			isa = XCConfigurationList;
			buildConfigurations = (
				FB96EB91WDGT0081 /* Debug */,
				FB96EB91WDGT0082 /* Release */,
			);
			defaultConfigurationIsVisible = 0;
			defaultConfigurationName = Release;
		};
/* End XCConfigurationList section */

/* Begin XCRemoteSwiftPackageReference section */
		FB96EB91000000AG /* XCRemoteSwiftPackageReference "firebase-ios-sdk" */ = {
			isa = XCRemoteSwiftPackageReference;
			repositoryURL = "https://github.com/firebase/firebase-ios-sdk";
			requirement = {
				kind = upToNextMajorVersion;
				minimumVersion = 11.0.0;
			};
		};
/* End XCRemoteSwiftPackageReference section */

/* Begin XCSwiftPackageProductDependency section */
		FB96EB91000000AF /* FirebaseAnalytics */ = {
			isa = XCSwiftPackageProductDependency;
			package = FB96EB91000000AG /* XCRemoteSwiftPackageReference "firebase-ios-sdk" */;
			productName = FirebaseAnalytics;
		};
/* End XCSwiftPackageProductDependency section */
	};
	rootObject = FB96EB9100000080 /* Project object */;
}
